PODS:
  - BRYXBanner (0.8.4)
  - DVB (2.3.0)
  - Material (3.1.6):
    - Material/Core (= 3.1.6)
  - Material/Core (3.1.6):
    - Motion (~> 3.1.1)
  - Motion (3.1.1):
    - Motion/Core (= 3.1.1)
  - Motion/Core (3.1.1)

DEPENDENCIES:
  - BRYXBanner
  - DVB (from `https://github.com/PhilippMatthes/DVB.git`)
  - Material

SPEC REPOS:
  https://github.com/cocoapods/specs.git:
    - BRYXBanner
    - Material
    - Motion

EXTERNAL SOURCES:
  DVB:
    :git: https://github.com/PhilippMatthes/DVB.git

CHECKOUT OPTIONS:
  DVB:
    :commit: caeac2eeef55dd3637ec5815e8fdb791adcfbc7c
    :git: https://github.com/PhilippMatthes/DVB.git

SPEC CHECKSUMS:
  BRYXBanner: 4fbd266f96ce000e4c6cc9a0558c446bd88d9801
  DVB: b3ae57ed431d4e1c7a17bc1b5bccfd4d60ff62c8
  Material: 9b30613deb1b79487eeede5e4f90cbff084311ea
  Motion: f115b33f36cc52472a25a965daa89b3859817de0

PODFILE CHECKSUM: 8e1961c430662cf77ed4556b95a9617015973367

COCOAPODS: 1.5.3
