PODS:
  - BRYXBanner (0.8.3)
  - DVB (2.3.0)
  - Material (2.16.4):
    - Material/Core (= 2.16.4)
  - Material/Core (2.16.4):
    - Motion (~> 1.4.3)
  - Motion (1.4.3):
    - Motion/Core (= 1.4.3)
  - Motion/Core (1.4.3)

DEPENDENCIES:
  - BRYXBanner
  - DVB (from `https://github.com/PhilippMatthes/DVB.git`)
  - Material

SPEC REPOS:
  https://github.com/cocoapods/specs.git:
    - BRYXBanner
    - Material
    - Motion

EXTERNAL SOURCES:
  DVB:
    :git: https://github.com/PhilippMatthes/DVB.git

CHECKOUT OPTIONS:
  DVB:
    :commit: caeac2eeef55dd3637ec5815e8fdb791adcfbc7c
    :git: https://github.com/PhilippMatthes/DVB.git

SPEC CHECKSUMS:
  BRYXBanner: 8cf1b119792e1cee8d7ba107297ef89f7409bc53
  DVB: b3ae57ed431d4e1c7a17bc1b5bccfd4d60ff62c8
  Material: 4ed78690b09ffd148b5ffab6b4367fb1d8da1cd3
  Motion: 153ba49692997888556c7a95207278a8b1f8be95

PODFILE CHECKSUM: 8fc210bb63151e228e5be29de46bed18179a851d

COCOAPODS: 1.5.3
