PODS:
  - DVB (2.3.0)
  - FontAwesome.swift (1.8.3)
  - Material (3.1.8):
    - Material/Core (= 3.1.8)
  - Material/Core (3.1.8):
    - Motion (~> 3.1.1)
  - Motion (3.1.3):
    - Motion/Core (= 3.1.3)
  - Motion/Core (3.1.3)

DEPENDENCIES:
  - DVB (from `https://github.com/manni-app/DVB.git`, branch `master`)
  - FontAwesome.swift
  - Material

SPEC REPOS:
  https://github.com/cocoapods/specs.git:
    - FontAwesome.swift
    - Material
    - Motion

EXTERNAL SOURCES:
  DVB:
    :branch: master
    :git: https://github.com/manni-app/DVB.git

CHECKOUT OPTIONS:
  DVB:
    :commit: b089a585fe4e288eeda7dfbe08d6b8c122d4a296
    :git: https://github.com/manni-app/DVB.git

SPEC CHECKSUMS:
  DVB: b3ae57ed431d4e1c7a17bc1b5bccfd4d60ff62c8
  FontAwesome.swift: 2a3235131a6caffc6b2ccba318e94d793b2fd342
  Material: a2a3f400a3b549d53ef89e56c58c4535b29db387
  Motion: cf1e060e489f6661126374d5c60dbd2ed991605c

PODFILE CHECKSUM: a42789a7844e7b4db5f7fa111ac5cd2b42e3dd64

COCOAPODS: 1.5.3
