// !$*UTF8*$!
{
	archiveVersion = 1;
	classes = {
	};
	objectVersion = 48;
	objects = {

/* Begin PBXBuildFile section */
		BE090F50201CD277004C1410 /* DarkBarNavigationController.swift in Sources */ = {isa = PBXBuildFile; fileRef = BE090F4F201CD277004C1410 /* DarkBarNavigationController.swift */; };
		BE2285D2201A389D00C2A7DF /* AppDelegate.swift in Sources */ = {isa = PBXBuildFile; fileRef = BE2285D1201A389D00C2A7DF /* AppDelegate.swift */; };
		BE2285D7201A389D00C2A7DF /* Main.storyboard in Resources */ = {isa = PBXBuildFile; fileRef = BE2285D5201A389D00C2A7DF /* Main.storyboard */; };
		BE2285D9201A389D00C2A7DF /* Assets.xcassets in Resources */ = {isa = PBXBuildFile; fileRef = BE2285D8201A389D00C2A7DF /* Assets.xcassets */; };
		BE2285DC201A389D00C2A7DF /* LaunchScreen.storyboard in Resources */ = {isa = PBXBuildFile; fileRef = BE2285DA201A389D00C2A7DF /* LaunchScreen.storyboard */; };
		BE2D05C2202235BB0064339B /* DepartureCell.swift in Sources */ = {isa = PBXBuildFile; fileRef = BE59ABDE201A5CD7003CA1EF /* DepartureCell.swift */; };
		BE2D05C8202308370064339B /* StorableStop.swift in Sources */ = {isa = PBXBuildFile; fileRef = BE2D05C7202308370064339B /* StorableStop.swift */; };
		BE2D05CB20230DA50064339B /* StopCell.swift in Sources */ = {isa = PBXBuildFile; fileRef = BE2D05CA20230DA50064339B /* StopCell.swift */; };
		BE2D05CF20235C8F0064339B /* RouteController.swift in Sources */ = {isa = PBXBuildFile; fileRef = BE2D05CE20235C8F0064339B /* RouteController.swift */; };
		BE593EB220298888008C8EAC /* StopExtension.swift in Sources */ = {isa = PBXBuildFile; fileRef = BE593EB120298888008C8EAC /* StopExtension.swift */; };
		BE593EB62029A608008C8EAC /* SettingsController.swift in Sources */ = {isa = PBXBuildFile; fileRef = BE593EB52029A608008C8EAC /* SettingsController.swift */; };
		BE593EB82029B1A2008C8EAC /* Prediction.swift in Sources */ = {isa = PBXBuildFile; fileRef = BE593EB72029B1A2008C8EAC /* Prediction.swift */; };
		BE593EBA2029BAFF008C8EAC /* RoutePredictionCell.swift in Sources */ = {isa = PBXBuildFile; fileRef = BE593EB92029BAFF008C8EAC /* RoutePredictionCell.swift */; };
		BE59ABE1201A64FE003CA1EF /* Colors.swift in Sources */ = {isa = PBXBuildFile; fileRef = BE59ABE0201A64FE003CA1EF /* Colors.swift */; };
		BE59ABE3201A6528003CA1EF /* UIColorExtension.swift in Sources */ = {isa = PBXBuildFile; fileRef = BE59ABE2201A6528003CA1EF /* UIColorExtension.swift */; };
		BE59ABE8201A76B1003CA1EF /* DateExtension.swift in Sources */ = {isa = PBXBuildFile; fileRef = BE59ABE7201A76B1003CA1EF /* DateExtension.swift */; };
		BE59ABEF201B11E2003CA1EF /* DeparturesController.swift in Sources */ = {isa = PBXBuildFile; fileRef = BE59ABEE201B11E2003CA1EF /* DeparturesController.swift */; };
		BE59ABF5201B146E003CA1EF /* State.swift in Sources */ = {isa = PBXBuildFile; fileRef = BE59ABF4201B146E003CA1EF /* State.swift */; };
		BE5BABF4201FA15B004C09FB /* LocationController.swift in Sources */ = {isa = PBXBuildFile; fileRef = BE5BABF3201FA15B004C09FB /* LocationController.swift */; };
		BE650B51201A425A005D1F32 /* DVB.framework in Frameworks */ = {isa = PBXBuildFile; fileRef = BE650B54201A425A005D1F32 /* DVB.framework */; };
		BE650B52201A425A005D1F32 /* Material.framework in Frameworks */ = {isa = PBXBuildFile; fileRef = BE650B55201A425A005D1F32 /* Material.framework */; };
		BE650B53201A425A005D1F32 /* Motion.framework in Frameworks */ = {isa = PBXBuildFile; fileRef = BE650B56201A425A005D1F32 /* Motion.framework */; };
		BE8D5CDD20204E930057740A /* Util.swift in Sources */ = {isa = PBXBuildFile; fileRef = BE8D5CDC20204E930057740A /* Util.swift */; };
		BE8D5CDF2020605D0057740A /* RouteStopExtension.swift in Sources */ = {isa = PBXBuildFile; fileRef = BE8D5CDE2020605D0057740A /* RouteStopExtension.swift */; };
		BE8D5CE120206AB80057740A /* MapViewExtension.swift in Sources */ = {isa = PBXBuildFile; fileRef = BE8D5CE020206AB80057740A /* MapViewExtension.swift */; };
		BE8D5CE4202080B60057740A /* BRYXBanner.framework in Frameworks */ = {isa = PBXBuildFile; fileRef = BE8D5CE5202080B60057740A /* BRYXBanner.framework */; };
		BE8D5CE7202081CF0057740A /* BannerExtension.swift in Sources */ = {isa = PBXBuildFile; fileRef = BE8D5CE6202081CF0057740A /* BannerExtension.swift */; };
		BE8D5CE9202097410057740A /* Config.swift in Sources */ = {isa = PBXBuildFile; fileRef = BE8D5CE8202097410057740A /* Config.swift */; };
		BE98601E201B2B15008B4A08 /* SearchController.swift in Sources */ = {isa = PBXBuildFile; fileRef = BE98601D201B2B15008B4A08 /* SearchController.swift */; };
		BE986020201B2FFB008B4A08 /* UIViewControllerExtension.swift in Sources */ = {isa = PBXBuildFile; fileRef = BE98601F201B2FFB008B4A08 /* UIViewControllerExtension.swift */; };
		BEA761362025E7E300D39B15 /* RouteCell.swift in Sources */ = {isa = PBXBuildFile; fileRef = BEA761352025E7E300D39B15 /* RouteCell.swift */; };
		BEA7613A2025F6D900D39B15 /* PartialRouteCell.swift in Sources */ = {isa = PBXBuildFile; fileRef = BEA761392025F6D900D39B15 /* PartialRouteCell.swift */; };
		BEA761402027245300D39B15 /* PartialRouteExtension.swift in Sources */ = {isa = PBXBuildFile; fileRef = BEA7613F2027245300D39B15 /* PartialRouteExtension.swift */; };
		BEA761442027653A00D39B15 /* RouteMapController.swift in Sources */ = {isa = PBXBuildFile; fileRef = BEA761432027653A00D39B15 /* RouteMapController.swift */; };
		BEBEC502202B4618007617B4 /* NavigationItemExtension.swift in Sources */ = {isa = PBXBuildFile; fileRef = BEBEC501202B4618007617B4 /* NavigationItemExtension.swift */; };
		BEBEC506202C2F44007617B4 /* Predictor.swift in Sources */ = {isa = PBXBuildFile; fileRef = BEBEC505202C2F44007617B4 /* Predictor.swift */; };
		BEBEC51C202C6133007617B4 /* EquatableExtension.swift in Sources */ = {isa = PBXBuildFile; fileRef = BEBEC508202C6130007617B4 /* EquatableExtension.swift */; };
		BEBEC51E202C6133007617B4 /* UIViewExtension.swift in Sources */ = {isa = PBXBuildFile; fileRef = BEBEC50A202C6130007617B4 /* UIViewExtension.swift */; };
		BEBEC51F202C6133007617B4 /* UINaviationBarExtension.swift in Sources */ = {isa = PBXBuildFile; fileRef = BEBEC50B202C6130007617B4 /* UINaviationBarExtension.swift */; };
		BEBEC521202C6133007617B4 /* OptionalExtension.swift in Sources */ = {isa = PBXBuildFile; fileRef = BEBEC50D202C6131007617B4 /* OptionalExtension.swift */; };
		BEBEC522202C6133007617B4 /* MKCoordinateRegionExtension.swift in Sources */ = {isa = PBXBuildFile; fileRef = BEBEC50E202C6131007617B4 /* MKCoordinateRegionExtension.swift */; };
		BEBEC523202C6133007617B4 /* CGSizeExtension.swift in Sources */ = {isa = PBXBuildFile; fileRef = BEBEC50F202C6131007617B4 /* CGSizeExtension.swift */; };
		BEBEC524202C6133007617B4 /* UITabBarExtension.swift in Sources */ = {isa = PBXBuildFile; fileRef = BEBEC510202C6131007617B4 /* UITabBarExtension.swift */; };
		BEBEC525202C6133007617B4 /* URLExtension.swift in Sources */ = {isa = PBXBuildFile; fileRef = BEBEC511202C6131007617B4 /* URLExtension.swift */; };
		BEBEC526202C6133007617B4 /* UserDefaultsExtension.swift in Sources */ = {isa = PBXBuildFile; fileRef = BEBEC512202C6131007617B4 /* UserDefaultsExtension.swift */; };
		BEBEC527202C6133007617B4 /* BadgeExtension.swift in Sources */ = {isa = PBXBuildFile; fileRef = BEBEC513202C6131007617B4 /* BadgeExtension.swift */; };
		BEBEC528202C6133007617B4 /* UIControlExtension.swift in Sources */ = {isa = PBXBuildFile; fileRef = BEBEC514202C6132007617B4 /* UIControlExtension.swift */; };
		BEBEC52B202C6133007617B4 /* UIImageExtension.swift in Sources */ = {isa = PBXBuildFile; fileRef = BEBEC517202C6132007617B4 /* UIImageExtension.swift */; };
		BEBEC52C202C6133007617B4 /* CLLocationExtension.swift in Sources */ = {isa = PBXBuildFile; fileRef = BEBEC518202C6132007617B4 /* CLLocationExtension.swift */; };
		BEBEC52D202C6133007617B4 /* IntExtension.swift in Sources */ = {isa = PBXBuildFile; fileRef = BEBEC519202C6132007617B4 /* IntExtension.swift */; };
		BEBEC52E202C6133007617B4 /* SFSafariViewControllerExtension.swift in Sources */ = {isa = PBXBuildFile; fileRef = BEBEC51A202C6132007617B4 /* SFSafariViewControllerExtension.swift */; };
		BEBEC531202C647D007617B4 /* ArrayExtension.swift in Sources */ = {isa = PBXBuildFile; fileRef = BEBEC530202C646F007617B4 /* ArrayExtension.swift */; };
		BEF7C4A020236E8E00FF96E1 /* FoldingCell.framework in Frameworks */ = {isa = PBXBuildFile; fileRef = BEF7C4A120236E8E00FF96E1 /* FoldingCell.framework */; };
/* End PBXBuildFile section */

/* Begin PBXFileReference section */
		1BADA0BE6BDD8E9A8E44701D /* Pods-manni.release.xcconfig */ = {isa = PBXFileReference; includeInIndex = 1; lastKnownFileType = text.xcconfig; name = "Pods-manni.release.xcconfig"; path = "Pods/Target Support Files/Pods-manni/Pods-manni.release.xcconfig"; sourceTree = "<group>"; };
		BE090F4F201CD277004C1410 /* DarkBarNavigationController.swift */ = {isa = PBXFileReference; lastKnownFileType = sourcecode.swift; path = DarkBarNavigationController.swift; sourceTree = "<group>"; };
		BE0A8A8C20511CA900B779B9 /* de */ = {isa = PBXFileReference; lastKnownFileType = text.plist.strings; name = de; path = de.lproj/LaunchScreen.strings; sourceTree = "<group>"; };
		BE0A8A8D20511CA900B779B9 /* de */ = {isa = PBXFileReference; lastKnownFileType = text.plist.strings; name = de; path = de.lproj/Main.strings; sourceTree = "<group>"; };
		BE2285CE201A389D00C2A7DF /* manni.app */ = {isa = PBXFileReference; explicitFileType = wrapper.application; includeInIndex = 0; path = manni.app; sourceTree = BUILT_PRODUCTS_DIR; };
		BE2285D1201A389D00C2A7DF /* AppDelegate.swift */ = {isa = PBXFileReference; lastKnownFileType = sourcecode.swift; path = AppDelegate.swift; sourceTree = "<group>"; };
		BE2285D6201A389D00C2A7DF /* Base */ = {isa = PBXFileReference; lastKnownFileType = file.storyboard; name = Base; path = Base.lproj/Main.storyboard; sourceTree = "<group>"; };
		BE2285D8201A389D00C2A7DF /* Assets.xcassets */ = {isa = PBXFileReference; lastKnownFileType = folder.assetcatalog; path = Assets.xcassets; sourceTree = "<group>"; };
		BE2285DB201A389D00C2A7DF /* Base */ = {isa = PBXFileReference; lastKnownFileType = file.storyboard; name = Base; path = Base.lproj/LaunchScreen.storyboard; sourceTree = "<group>"; };
		BE2285DD201A389D00C2A7DF /* Info.plist */ = {isa = PBXFileReference; lastKnownFileType = text.plist.xml; path = Info.plist; sourceTree = "<group>"; };
		BE2D05C6202244F60064339B /* SwiftSVG.framework */ = {isa = PBXFileReference; explicitFileType = wrapper.framework; path = SwiftSVG.framework; sourceTree = BUILT_PRODUCTS_DIR; };
		BE2D05C7202308370064339B /* StorableStop.swift */ = {isa = PBXFileReference; fileEncoding = 4; lastKnownFileType = sourcecode.swift; path = StorableStop.swift; sourceTree = "<group>"; };
		BE2D05CA20230DA50064339B /* StopCell.swift */ = {isa = PBXFileReference; lastKnownFileType = sourcecode.swift; path = StopCell.swift; sourceTree = "<group>"; };
		BE2D05CE20235C8F0064339B /* RouteController.swift */ = {isa = PBXFileReference; lastKnownFileType = sourcecode.swift; path = RouteController.swift; sourceTree = "<group>"; };
		BE593EB120298888008C8EAC /* StopExtension.swift */ = {isa = PBXFileReference; lastKnownFileType = sourcecode.swift; path = StopExtension.swift; sourceTree = "<group>"; };
		BE593EB52029A608008C8EAC /* SettingsController.swift */ = {isa = PBXFileReference; lastKnownFileType = sourcecode.swift; path = SettingsController.swift; sourceTree = "<group>"; };
		BE593EB72029B1A2008C8EAC /* Prediction.swift */ = {isa = PBXFileReference; lastKnownFileType = sourcecode.swift; path = Prediction.swift; sourceTree = "<group>"; };
		BE593EB92029BAFF008C8EAC /* RoutePredictionCell.swift */ = {isa = PBXFileReference; lastKnownFileType = sourcecode.swift; path = RoutePredictionCell.swift; sourceTree = "<group>"; };
		BE59ABDE201A5CD7003CA1EF /* DepartureCell.swift */ = {isa = PBXFileReference; fileEncoding = 4; lastKnownFileType = sourcecode.swift; path = DepartureCell.swift; sourceTree = "<group>"; };
		BE59ABE0201A64FE003CA1EF /* Colors.swift */ = {isa = PBXFileReference; lastKnownFileType = sourcecode.swift; path = Colors.swift; sourceTree = "<group>"; };
		BE59ABE2201A6528003CA1EF /* UIColorExtension.swift */ = {isa = PBXFileReference; lastKnownFileType = sourcecode.swift; path = UIColorExtension.swift; sourceTree = "<group>"; };
		BE59ABE7201A76B1003CA1EF /* DateExtension.swift */ = {isa = PBXFileReference; lastKnownFileType = sourcecode.swift; path = DateExtension.swift; sourceTree = "<group>"; };
		BE59ABEE201B11E2003CA1EF /* DeparturesController.swift */ = {isa = PBXFileReference; lastKnownFileType = sourcecode.swift; path = DeparturesController.swift; sourceTree = "<group>"; };
		BE59ABF3201B144C003CA1EF /* CSV.framework */ = {isa = PBXFileReference; explicitFileType = wrapper.framework; path = CSV.framework; sourceTree = BUILT_PRODUCTS_DIR; };
		BE59ABF4201B146E003CA1EF /* State.swift */ = {isa = PBXFileReference; lastKnownFileType = sourcecode.swift; path = State.swift; sourceTree = "<group>"; };
		BE5BABF3201FA15B004C09FB /* LocationController.swift */ = {isa = PBXFileReference; lastKnownFileType = sourcecode.swift; path = LocationController.swift; sourceTree = "<group>"; };
		BE650B4D201A41B1005D1F32 /* DVB.framework */ = {isa = PBXFileReference; explicitFileType = wrapper.framework; path = DVB.framework; sourceTree = BUILT_PRODUCTS_DIR; };
		BE650B4E201A41B1005D1F32 /* Material.framework */ = {isa = PBXFileReference; explicitFileType = wrapper.framework; path = Material.framework; sourceTree = BUILT_PRODUCTS_DIR; };
		BE650B4F201A41B1005D1F32 /* Motion.framework */ = {isa = PBXFileReference; explicitFileType = wrapper.framework; path = Motion.framework; sourceTree = BUILT_PRODUCTS_DIR; };
		BE650B50201A41B1005D1F32 /* Pods_manni.framework */ = {isa = PBXFileReference; explicitFileType = wrapper.framework; path = Pods_manni.framework; sourceTree = BUILT_PRODUCTS_DIR; };
		BE650B54201A425A005D1F32 /* DVB.framework */ = {isa = PBXFileReference; explicitFileType = wrapper.framework; path = DVB.framework; sourceTree = BUILT_PRODUCTS_DIR; };
		BE650B55201A425A005D1F32 /* Material.framework */ = {isa = PBXFileReference; explicitFileType = wrapper.framework; path = Material.framework; sourceTree = BUILT_PRODUCTS_DIR; };
		BE650B56201A425A005D1F32 /* Motion.framework */ = {isa = PBXFileReference; explicitFileType = wrapper.framework; path = Motion.framework; sourceTree = BUILT_PRODUCTS_DIR; };
		BE8D5CDC20204E930057740A /* Util.swift */ = {isa = PBXFileReference; lastKnownFileType = sourcecode.swift; path = Util.swift; sourceTree = "<group>"; };
		BE8D5CDE2020605D0057740A /* RouteStopExtension.swift */ = {isa = PBXFileReference; lastKnownFileType = sourcecode.swift; path = RouteStopExtension.swift; sourceTree = "<group>"; };
		BE8D5CE020206AB80057740A /* MapViewExtension.swift */ = {isa = PBXFileReference; lastKnownFileType = sourcecode.swift; path = MapViewExtension.swift; sourceTree = "<group>"; };
		BE8D5CE5202080B60057740A /* BRYXBanner.framework */ = {isa = PBXFileReference; explicitFileType = wrapper.framework; path = BRYXBanner.framework; sourceTree = BUILT_PRODUCTS_DIR; };
		BE8D5CE6202081CF0057740A /* BannerExtension.swift */ = {isa = PBXFileReference; lastKnownFileType = sourcecode.swift; path = BannerExtension.swift; sourceTree = "<group>"; };
		BE8D5CE8202097410057740A /* Config.swift */ = {isa = PBXFileReference; lastKnownFileType = sourcecode.swift; path = Config.swift; sourceTree = "<group>"; };
		BE98601D201B2B15008B4A08 /* SearchController.swift */ = {isa = PBXFileReference; lastKnownFileType = sourcecode.swift; path = SearchController.swift; sourceTree = "<group>"; };
		BE98601F201B2FFB008B4A08 /* UIViewControllerExtension.swift */ = {isa = PBXFileReference; lastKnownFileType = sourcecode.swift; path = UIViewControllerExtension.swift; sourceTree = "<group>"; };
		BEA761352025E7E300D39B15 /* RouteCell.swift */ = {isa = PBXFileReference; lastKnownFileType = sourcecode.swift; path = RouteCell.swift; sourceTree = "<group>"; };
		BEA761392025F6D900D39B15 /* PartialRouteCell.swift */ = {isa = PBXFileReference; lastKnownFileType = sourcecode.swift; path = PartialRouteCell.swift; sourceTree = "<group>"; };
		BEA7613F2027245300D39B15 /* PartialRouteExtension.swift */ = {isa = PBXFileReference; lastKnownFileType = sourcecode.swift; path = PartialRouteExtension.swift; sourceTree = "<group>"; };
		BEA761432027653A00D39B15 /* RouteMapController.swift */ = {isa = PBXFileReference; lastKnownFileType = sourcecode.swift; path = RouteMapController.swift; sourceTree = "<group>"; };
		BEBEC501202B4618007617B4 /* NavigationItemExtension.swift */ = {isa = PBXFileReference; lastKnownFileType = sourcecode.swift; path = NavigationItemExtension.swift; sourceTree = "<group>"; };
		BEBEC505202C2F44007617B4 /* Predictor.swift */ = {isa = PBXFileReference; lastKnownFileType = sourcecode.swift; path = Predictor.swift; sourceTree = "<group>"; };
		BEBEC508202C6130007617B4 /* EquatableExtension.swift */ = {isa = PBXFileReference; fileEncoding = 4; lastKnownFileType = sourcecode.swift; path = EquatableExtension.swift; sourceTree = "<group>"; };
		BEBEC50A202C6130007617B4 /* UIViewExtension.swift */ = {isa = PBXFileReference; fileEncoding = 4; lastKnownFileType = sourcecode.swift; name = UIViewExtension.swift; path = "../../../../Downloads/swifthelpers-master/src/UIViewExtension.swift"; sourceTree = "<group>"; };
		BEBEC50B202C6130007617B4 /* UINaviationBarExtension.swift */ = {isa = PBXFileReference; fileEncoding = 4; lastKnownFileType = sourcecode.swift; path = UINaviationBarExtension.swift; sourceTree = "<group>"; };
		BEBEC50D202C6131007617B4 /* OptionalExtension.swift */ = {isa = PBXFileReference; fileEncoding = 4; lastKnownFileType = sourcecode.swift; path = OptionalExtension.swift; sourceTree = "<group>"; };
		BEBEC50E202C6131007617B4 /* MKCoordinateRegionExtension.swift */ = {isa = PBXFileReference; fileEncoding = 4; lastKnownFileType = sourcecode.swift; path = MKCoordinateRegionExtension.swift; sourceTree = "<group>"; };
		BEBEC50F202C6131007617B4 /* CGSizeExtension.swift */ = {isa = PBXFileReference; fileEncoding = 4; lastKnownFileType = sourcecode.swift; path = CGSizeExtension.swift; sourceTree = "<group>"; };
		BEBEC510202C6131007617B4 /* UITabBarExtension.swift */ = {isa = PBXFileReference; fileEncoding = 4; lastKnownFileType = sourcecode.swift; path = UITabBarExtension.swift; sourceTree = "<group>"; };
		BEBEC511202C6131007617B4 /* URLExtension.swift */ = {isa = PBXFileReference; fileEncoding = 4; lastKnownFileType = sourcecode.swift; path = URLExtension.swift; sourceTree = "<group>"; };
		BEBEC512202C6131007617B4 /* UserDefaultsExtension.swift */ = {isa = PBXFileReference; fileEncoding = 4; lastKnownFileType = sourcecode.swift; name = UserDefaultsExtension.swift; path = "../../../../Downloads/swifthelpers-master/src/UserDefaultsExtension.swift"; sourceTree = "<group>"; };
		BEBEC513202C6131007617B4 /* BadgeExtension.swift */ = {isa = PBXFileReference; fileEncoding = 4; lastKnownFileType = sourcecode.swift; path = BadgeExtension.swift; sourceTree = "<group>"; };
		BEBEC514202C6132007617B4 /* UIControlExtension.swift */ = {isa = PBXFileReference; fileEncoding = 4; lastKnownFileType = sourcecode.swift; path = UIControlExtension.swift; sourceTree = "<group>"; };
		BEBEC517202C6132007617B4 /* UIImageExtension.swift */ = {isa = PBXFileReference; fileEncoding = 4; lastKnownFileType = sourcecode.swift; path = UIImageExtension.swift; sourceTree = "<group>"; };
		BEBEC518202C6132007617B4 /* CLLocationExtension.swift */ = {isa = PBXFileReference; fileEncoding = 4; lastKnownFileType = sourcecode.swift; path = CLLocationExtension.swift; sourceTree = "<group>"; };
		BEBEC519202C6132007617B4 /* IntExtension.swift */ = {isa = PBXFileReference; fileEncoding = 4; lastKnownFileType = sourcecode.swift; name = IntExtension.swift; path = "../../../../Downloads/swifthelpers-master/src/IntExtension.swift"; sourceTree = "<group>"; };
		BEBEC51A202C6132007617B4 /* SFSafariViewControllerExtension.swift */ = {isa = PBXFileReference; fileEncoding = 4; lastKnownFileType = sourcecode.swift; path = SFSafariViewControllerExtension.swift; sourceTree = "<group>"; };
		BEBEC530202C646F007617B4 /* ArrayExtension.swift */ = {isa = PBXFileReference; lastKnownFileType = sourcecode.swift; path = ArrayExtension.swift; sourceTree = "<group>"; };
		BEF7C4A120236E8E00FF96E1 /* FoldingCell.framework */ = {isa = PBXFileReference; explicitFileType = wrapper.framework; path = FoldingCell.framework; sourceTree = BUILT_PRODUCTS_DIR; };
		DFB92583DD3E650EAD28A17C /* Pods-manni.debug.xcconfig */ = {isa = PBXFileReference; includeInIndex = 1; lastKnownFileType = text.xcconfig; name = "Pods-manni.debug.xcconfig"; path = "Pods/Target Support Files/Pods-manni/Pods-manni.debug.xcconfig"; sourceTree = "<group>"; };
/* End PBXFileReference section */

/* Begin PBXFrameworksBuildPhase section */
		BE2285CB201A389D00C2A7DF /* Frameworks */ = {
			isa = PBXFrameworksBuildPhase;
			buildActionMask = 2147483647;
			files = (
				BEF7C4A020236E8E00FF96E1 /* FoldingCell.framework in Frameworks */,
				BE8D5CE4202080B60057740A /* BRYXBanner.framework in Frameworks */,
				BE650B51201A425A005D1F32 /* DVB.framework in Frameworks */,
				BE650B52201A425A005D1F32 /* Material.framework in Frameworks */,
				BE650B53201A425A005D1F32 /* Motion.framework in Frameworks */,
			);
			runOnlyForDeploymentPostprocessing = 0;
		};
/* End PBXFrameworksBuildPhase section */

/* Begin PBXGroup section */
		A15B540B0AE544577B3C9CD0 /* Pods */ = {
			isa = PBXGroup;
			children = (
				DFB92583DD3E650EAD28A17C /* Pods-manni.debug.xcconfig */,
				1BADA0BE6BDD8E9A8E44701D /* Pods-manni.release.xcconfig */,
			);
			name = Pods;
			sourceTree = "<group>";
		};
		BE2285C5201A389D00C2A7DF = {
			isa = PBXGroup;
			children = (
				BE2285D0201A389D00C2A7DF /* manni */,
				BE2285CF201A389D00C2A7DF /* Products */,
				BE650B48201A41B1005D1F32 /* Frameworks */,
				A15B540B0AE544577B3C9CD0 /* Pods */,
			);
			sourceTree = "<group>";
		};
		BE2285CF201A389D00C2A7DF /* Products */ = {
			isa = PBXGroup;
			children = (
				BE2285CE201A389D00C2A7DF /* manni.app */,
			);
			name = Products;
			sourceTree = "<group>";
		};
		BE2285D0201A389D00C2A7DF /* manni */ = {
			isa = PBXGroup;
			children = (
				BE8D5CE8202097410057740A /* Config.swift */,
				BE59ABF4201B146E003CA1EF /* State.swift */,
				BE8D5CDC20204E930057740A /* Util.swift */,
				BEBEC505202C2F44007617B4 /* Predictor.swift */,
				BE2D05C9202308480064339B /* Model */,
				BE59ABE5201A65D3003CA1EF /* Controllers */,
				BE59ABE4201A65C2003CA1EF /* Extensions */,
				BE59ABE6201A65E2003CA1EF /* UI */,
				BE2285DD201A389D00C2A7DF /* Info.plist */,
				BE2285DA201A389D00C2A7DF /* LaunchScreen.storyboard */,
				BE2285D5201A389D00C2A7DF /* Main.storyboard */,
				BE2285D8201A389D00C2A7DF /* Assets.xcassets */,
			);
			path = manni;
			sourceTree = "<group>";
		};
		BE2D05C9202308480064339B /* Model */ = {
			isa = PBXGroup;
			children = (
				BE2D05C7202308370064339B /* StorableStop.swift */,
				BE593EB72029B1A2008C8EAC /* Prediction.swift */,
			);
			path = Model;
			sourceTree = "<group>";
		};
		BE59ABE4201A65C2003CA1EF /* Extensions */ = {
			isa = PBXGroup;
			children = (
				BEBEC530202C646F007617B4 /* ArrayExtension.swift */,
				BEBEC513202C6131007617B4 /* BadgeExtension.swift */,
				BE8D5CE6202081CF0057740A /* BannerExtension.swift */,
				BEBEC50F202C6131007617B4 /* CGSizeExtension.swift */,
				BEBEC518202C6132007617B4 /* CLLocationExtension.swift */,
				BE59ABE7201A76B1003CA1EF /* DateExtension.swift */,
				BEBEC508202C6130007617B4 /* EquatableExtension.swift */,
				BEBEC519202C6132007617B4 /* IntExtension.swift */,
				BE8D5CE020206AB80057740A /* MapViewExtension.swift */,
				BEBEC50E202C6131007617B4 /* MKCoordinateRegionExtension.swift */,
				BEBEC501202B4618007617B4 /* NavigationItemExtension.swift */,
				BEBEC50D202C6131007617B4 /* OptionalExtension.swift */,
				BEA7613F2027245300D39B15 /* PartialRouteExtension.swift */,
				BE8D5CDE2020605D0057740A /* RouteStopExtension.swift */,
				BEBEC51A202C6132007617B4 /* SFSafariViewControllerExtension.swift */,
				BE593EB120298888008C8EAC /* StopExtension.swift */,
				BE59ABE2201A6528003CA1EF /* UIColorExtension.swift */,
				BEBEC514202C6132007617B4 /* UIControlExtension.swift */,
				BEBEC517202C6132007617B4 /* UIImageExtension.swift */,
				BEBEC50B202C6130007617B4 /* UINaviationBarExtension.swift */,
				BEBEC510202C6131007617B4 /* UITabBarExtension.swift */,
				BE98601F201B2FFB008B4A08 /* UIViewControllerExtension.swift */,
				BEBEC50A202C6130007617B4 /* UIViewExtension.swift */,
				BEBEC511202C6131007617B4 /* URLExtension.swift */,
				BEBEC512202C6131007617B4 /* UserDefaultsExtension.swift */,
			);
			path = Extensions;
			sourceTree = "<group>";
		};
		BE59ABE5201A65D3003CA1EF /* Controllers */ = {
			isa = PBXGroup;
			children = (
				BE2285D1201A389D00C2A7DF /* AppDelegate.swift */,
				BE59ABEE201B11E2003CA1EF /* DeparturesController.swift */,
				BE98601D201B2B15008B4A08 /* SearchController.swift */,
				BE090F4F201CD277004C1410 /* DarkBarNavigationController.swift */,
				BE5BABF3201FA15B004C09FB /* LocationController.swift */,
				BE2D05CE20235C8F0064339B /* RouteController.swift */,
				BEA761432027653A00D39B15 /* RouteMapController.swift */,
				BE593EB52029A608008C8EAC /* SettingsController.swift */,
			);
			path = Controllers;
			sourceTree = "<group>";
		};
		BE59ABE6201A65E2003CA1EF /* UI */ = {
			isa = PBXGroup;
			children = (
				BEA761352025E7E300D39B15 /* RouteCell.swift */,
				BEA761392025F6D900D39B15 /* PartialRouteCell.swift */,
				BE59ABE0201A64FE003CA1EF /* Colors.swift */,
				BE59ABDE201A5CD7003CA1EF /* DepartureCell.swift */,
				BE2D05CA20230DA50064339B /* StopCell.swift */,
				BE593EB92029BAFF008C8EAC /* RoutePredictionCell.swift */,
			);
			path = UI;
			sourceTree = "<group>";
		};
		BE650B48201A41B1005D1F32 /* Frameworks */ = {
			isa = PBXGroup;
			children = (
				BEF7C4A120236E8E00FF96E1 /* FoldingCell.framework */,
				BE2D05C6202244F60064339B /* SwiftSVG.framework */,
				BE8D5CE5202080B60057740A /* BRYXBanner.framework */,
				BE59ABF3201B144C003CA1EF /* CSV.framework */,
				BE650B54201A425A005D1F32 /* DVB.framework */,
				BE650B55201A425A005D1F32 /* Material.framework */,
				BE650B56201A425A005D1F32 /* Motion.framework */,
				BE650B4D201A41B1005D1F32 /* DVB.framework */,
				BE650B4E201A41B1005D1F32 /* Material.framework */,
				BE650B4F201A41B1005D1F32 /* Motion.framework */,
				BE650B50201A41B1005D1F32 /* Pods_manni.framework */,
			);
			name = Frameworks;
			sourceTree = "<group>";
		};
/* End PBXGroup section */

/* Begin PBXNativeTarget section */
		BE2285CD201A389D00C2A7DF /* manni */ = {
			isa = PBXNativeTarget;
			buildConfigurationList = BE2285E0201A389D00C2A7DF /* Build configuration list for PBXNativeTarget "manni" */;
			buildPhases = (
				F4816E8657AAD73108A6C5F6 /* [CP] Check Pods Manifest.lock */,
				BE2285CA201A389D00C2A7DF /* Sources */,
				BE2285CB201A389D00C2A7DF /* Frameworks */,
				BE2285CC201A389D00C2A7DF /* Resources */,
				F74C063B4F7CA91A7C6C8932 /* [CP] Embed Pods Frameworks */,
				68255C36B3367B2C31178DC8 /* [CP] Copy Pods Resources */,
			);
			buildRules = (
			);
			dependencies = (
			);
			name = manni;
			productName = manni;
			productReference = BE2285CE201A389D00C2A7DF /* manni.app */;
			productType = "com.apple.product-type.application";
		};
/* End PBXNativeTarget section */

/* Begin PBXProject section */
		BE2285C6201A389D00C2A7DF /* Project object */ = {
			isa = PBXProject;
			attributes = {
				LastSwiftUpdateCheck = 0920;
				LastUpgradeCheck = 0920;
				ORGANIZATIONNAME = "Philipp Matthes";
				TargetAttributes = {
					BE2285CD201A389D00C2A7DF = {
						CreatedOnToolsVersion = 9.2;
						ProvisioningStyle = Automatic;
					};
				};
			};
			buildConfigurationList = BE2285C9201A389D00C2A7DF /* Build configuration list for PBXProject "manni" */;
			compatibilityVersion = "Xcode 8.0";
			developmentRegion = en;
			hasScannedForEncodings = 0;
			knownRegions = (
				en,
				Base,
			);
			mainGroup = BE2285C5201A389D00C2A7DF;
			productRefGroup = BE2285CF201A389D00C2A7DF /* Products */;
			projectDirPath = "";
			projectRoot = "";
			targets = (
				BE2285CD201A389D00C2A7DF /* manni */,
			);
		};
/* End PBXProject section */

/* Begin PBXResourcesBuildPhase section */
		BE2285CC201A389D00C2A7DF /* Resources */ = {
			isa = PBXResourcesBuildPhase;
			buildActionMask = 2147483647;
			files = (
				BE2285DC201A389D00C2A7DF /* LaunchScreen.storyboard in Resources */,
				BE2285D9201A389D00C2A7DF /* Assets.xcassets in Resources */,
				BE2285D7201A389D00C2A7DF /* Main.storyboard in Resources */,
			);
			runOnlyForDeploymentPostprocessing = 0;
		};
/* End PBXResourcesBuildPhase section */

/* Begin PBXShellScriptBuildPhase section */
		68255C36B3367B2C31178DC8 /* [CP] Copy Pods Resources */ = {
			isa = PBXShellScriptBuildPhase;
			buildActionMask = 2147483647;
			files = (
			);
			inputPaths = (
			);
			name = "[CP] Copy Pods Resources";
			outputPaths = (
			);
			runOnlyForDeploymentPostprocessing = 0;
			shellPath = /bin/sh;
			shellScript = "\"${SRCROOT}/Pods/Target Support Files/Pods-manni/Pods-manni-resources.sh\"\n";
			showEnvVarsInLog = 0;
		};
		F4816E8657AAD73108A6C5F6 /* [CP] Check Pods Manifest.lock */ = {
			isa = PBXShellScriptBuildPhase;
			buildActionMask = 2147483647;
			files = (
			);
			inputPaths = (
				"${PODS_PODFILE_DIR_PATH}/Podfile.lock",
				"${PODS_ROOT}/Manifest.lock",
			);
			name = "[CP] Check Pods Manifest.lock";
			outputPaths = (
				"$(DERIVED_FILE_DIR)/Pods-manni-checkManifestLockResult.txt",
			);
			runOnlyForDeploymentPostprocessing = 0;
			shellPath = /bin/sh;
			shellScript = "diff \"${PODS_PODFILE_DIR_PATH}/Podfile.lock\" \"${PODS_ROOT}/Manifest.lock\" > /dev/null\nif [ $? != 0 ] ; then\n    # print error to STDERR\n    echo \"error: The sandbox is not in sync with the Podfile.lock. Run 'pod install' or update your CocoaPods installation.\" >&2\n    exit 1\nfi\n# This output is used by Xcode 'outputs' to avoid re-running this script phase.\necho \"SUCCESS\" > \"${SCRIPT_OUTPUT_FILE_0}\"\n";
			showEnvVarsInLog = 0;
		};
		F74C063B4F7CA91A7C6C8932 /* [CP] Embed Pods Frameworks */ = {
			isa = PBXShellScriptBuildPhase;
			buildActionMask = 2147483647;
			files = (
			);
			inputPaths = (
				"${SRCROOT}/Pods/Target Support Files/Pods-manni/Pods-manni-frameworks.sh",
				"${BUILT_PRODUCTS_DIR}/BRYXBanner/BRYXBanner.framework",
				"${BUILT_PRODUCTS_DIR}/DVB/DVB.framework",
				"${BUILT_PRODUCTS_DIR}/FoldingCell/FoldingCell.framework",
				"${BUILT_PRODUCTS_DIR}/Material/Material.framework",
				"${BUILT_PRODUCTS_DIR}/Motion/Motion.framework",
			);
			name = "[CP] Embed Pods Frameworks";
			outputPaths = (
				"${TARGET_BUILD_DIR}/${FRAMEWORKS_FOLDER_PATH}/BRYXBanner.framework",
				"${TARGET_BUILD_DIR}/${FRAMEWORKS_FOLDER_PATH}/DVB.framework",
				"${TARGET_BUILD_DIR}/${FRAMEWORKS_FOLDER_PATH}/FoldingCell.framework",
				"${TARGET_BUILD_DIR}/${FRAMEWORKS_FOLDER_PATH}/Material.framework",
				"${TARGET_BUILD_DIR}/${FRAMEWORKS_FOLDER_PATH}/Motion.framework",
			);
			runOnlyForDeploymentPostprocessing = 0;
			shellPath = /bin/sh;
			shellScript = "\"${SRCROOT}/Pods/Target Support Files/Pods-manni/Pods-manni-frameworks.sh\"\n";
			showEnvVarsInLog = 0;
		};
/* End PBXShellScriptBuildPhase section */

/* Begin PBXSourcesBuildPhase section */
		BE2285CA201A389D00C2A7DF /* Sources */ = {
			isa = PBXSourcesBuildPhase;
			buildActionMask = 2147483647;
			files = (
				BEA761362025E7E300D39B15 /* RouteCell.swift in Sources */,
				BE5BABF4201FA15B004C09FB /* LocationController.swift in Sources */,
				BE59ABEF201B11E2003CA1EF /* DeparturesController.swift in Sources */,
				BE986020201B2FFB008B4A08 /* UIViewControllerExtension.swift in Sources */,
				BEBEC52D202C6133007617B4 /* IntExtension.swift in Sources */,
				BEBEC506202C2F44007617B4 /* Predictor.swift in Sources */,
				BEBEC523202C6133007617B4 /* CGSizeExtension.swift in Sources */,
				BE59ABE8201A76B1003CA1EF /* DateExtension.swift in Sources */,
				BEBEC528202C6133007617B4 /* UIControlExtension.swift in Sources */,
				BE8D5CDD20204E930057740A /* Util.swift in Sources */,
				BE8D5CE7202081CF0057740A /* BannerExtension.swift in Sources */,
				BEBEC51E202C6133007617B4 /* UIViewExtension.swift in Sources */,
				BEA761402027245300D39B15 /* PartialRouteExtension.swift in Sources */,
				BE593EB220298888008C8EAC /* StopExtension.swift in Sources */,
				BEBEC527202C6133007617B4 /* BadgeExtension.swift in Sources */,
				BEA7613A2025F6D900D39B15 /* PartialRouteCell.swift in Sources */,
				BEBEC524202C6133007617B4 /* UITabBarExtension.swift in Sources */,
				BEBEC51F202C6133007617B4 /* UINaviationBarExtension.swift in Sources */,
				BEBEC531202C647D007617B4 /* ArrayExtension.swift in Sources */,
				BEBEC502202B4618007617B4 /* NavigationItemExtension.swift in Sources */,
				BE090F50201CD277004C1410 /* DarkBarNavigationController.swift in Sources */,
				BE8D5CDF2020605D0057740A /* RouteStopExtension.swift in Sources */,
				BEBEC521202C6133007617B4 /* OptionalExtension.swift in Sources */,
				BE59ABE1201A64FE003CA1EF /* Colors.swift in Sources */,
				BE593EBA2029BAFF008C8EAC /* RoutePredictionCell.swift in Sources */,
				BE98601E201B2B15008B4A08 /* SearchController.swift in Sources */,
				BEBEC522202C6133007617B4 /* MKCoordinateRegionExtension.swift in Sources */,
				BE8D5CE120206AB80057740A /* MapViewExtension.swift in Sources */,
				BEBEC51C202C6133007617B4 /* EquatableExtension.swift in Sources */,
				BE2D05CB20230DA50064339B /* StopCell.swift in Sources */,
				BEBEC52B202C6133007617B4 /* UIImageExtension.swift in Sources */,
				BEA761442027653A00D39B15 /* RouteMapController.swift in Sources */,
				BE2D05C2202235BB0064339B /* DepartureCell.swift in Sources */,
				BE59ABE3201A6528003CA1EF /* UIColorExtension.swift in Sources */,
				BE2D05C8202308370064339B /* StorableStop.swift in Sources */,
				BE2D05CF20235C8F0064339B /* RouteController.swift in Sources */,
				BEBEC525202C6133007617B4 /* URLExtension.swift in Sources */,
				BE8D5CE9202097410057740A /* Config.swift in Sources */,
				BEBEC52C202C6133007617B4 /* CLLocationExtension.swift in Sources */,
				BE593EB82029B1A2008C8EAC /* Prediction.swift in Sources */,
				BEBEC526202C6133007617B4 /* UserDefaultsExtension.swift in Sources */,
				BE593EB62029A608008C8EAC /* SettingsController.swift in Sources */,
				BEBEC52E202C6133007617B4 /* SFSafariViewControllerExtension.swift in Sources */,
				BE59ABF5201B146E003CA1EF /* State.swift in Sources */,
				BE2285D2201A389D00C2A7DF /* AppDelegate.swift in Sources */,
			);
			runOnlyForDeploymentPostprocessing = 0;
		};
/* End PBXSourcesBuildPhase section */

/* Begin PBXVariantGroup section */
		BE2285D5201A389D00C2A7DF /* Main.storyboard */ = {
			isa = PBXVariantGroup;
			children = (
				BE2285D6201A389D00C2A7DF /* Base */,
				BE0A8A8D20511CA900B779B9 /* de */,
			);
			name = Main.storyboard;
			sourceTree = "<group>";
		};
		BE2285DA201A389D00C2A7DF /* LaunchScreen.storyboard */ = {
			isa = PBXVariantGroup;
			children = (
				BE2285DB201A389D00C2A7DF /* Base */,
				BE0A8A8C20511CA900B779B9 /* de */,
			);
			name = LaunchScreen.storyboard;
			sourceTree = "<group>";
		};
/* End PBXVariantGroup section */

/* Begin XCBuildConfiguration section */
		BE2285DE201A389D00C2A7DF /* Debug */ = {
			isa = XCBuildConfiguration;
			buildSettings = {
				ALWAYS_SEARCH_USER_PATHS = NO;
				CLANG_ANALYZER_LOCALIZABILITY_NONLOCALIZED = YES;
				CLANG_ANALYZER_NONNULL = YES;
				CLANG_ANALYZER_NUMBER_OBJECT_CONVERSION = YES_AGGRESSIVE;
				CLANG_CXX_LANGUAGE_STANDARD = "gnu++14";
				CLANG_CXX_LIBRARY = "libc++";
				CLANG_ENABLE_MODULES = YES;
				CLANG_ENABLE_OBJC_ARC = YES;
				CLANG_WARN_BLOCK_CAPTURE_AUTORELEASING = YES;
				CLANG_WARN_BOOL_CONVERSION = YES;
				CLANG_WARN_COMMA = YES;
				CLANG_WARN_CONSTANT_CONVERSION = YES;
				CLANG_WARN_DIRECT_OBJC_ISA_USAGE = YES_ERROR;
				CLANG_WARN_DOCUMENTATION_COMMENTS = YES;
				CLANG_WARN_EMPTY_BODY = YES;
				CLANG_WARN_ENUM_CONVERSION = YES;
				CLANG_WARN_INFINITE_RECURSION = YES;
				CLANG_WARN_INT_CONVERSION = YES;
				CLANG_WARN_NON_LITERAL_NULL_CONVERSION = YES;
				CLANG_WARN_OBJC_LITERAL_CONVERSION = YES;
				CLANG_WARN_OBJC_ROOT_CLASS = YES_ERROR;
				CLANG_WARN_RANGE_LOOP_ANALYSIS = YES;
				CLANG_WARN_STRICT_PROTOTYPES = YES;
				CLANG_WARN_SUSPICIOUS_MOVE = YES;
				CLANG_WARN_UNGUARDED_AVAILABILITY = YES_AGGRESSIVE;
				CLANG_WARN_UNREACHABLE_CODE = YES;
				CLANG_WARN__DUPLICATE_METHOD_MATCH = YES;
				CODE_SIGN_IDENTITY = "iPhone Developer";
				COPY_PHASE_STRIP = NO;
				DEBUG_INFORMATION_FORMAT = dwarf;
				ENABLE_STRICT_OBJC_MSGSEND = YES;
				ENABLE_TESTABILITY = YES;
				GCC_C_LANGUAGE_STANDARD = gnu11;
				GCC_DYNAMIC_NO_PIC = NO;
				GCC_NO_COMMON_BLOCKS = YES;
				GCC_OPTIMIZATION_LEVEL = 0;
				GCC_PREPROCESSOR_DEFINITIONS = (
					"DEBUG=1",
					"$(inherited)",
				);
				GCC_WARN_64_TO_32_BIT_CONVERSION = YES;
				GCC_WARN_ABOUT_RETURN_TYPE = YES_ERROR;
				GCC_WARN_UNDECLARED_SELECTOR = YES;
				GCC_WARN_UNINITIALIZED_AUTOS = YES_AGGRESSIVE;
				GCC_WARN_UNUSED_FUNCTION = YES;
				GCC_WARN_UNUSED_VARIABLE = YES;
				IPHONEOS_DEPLOYMENT_TARGET = 9.0;
				MTL_ENABLE_DEBUG_INFO = YES;
				ONLY_ACTIVE_ARCH = YES;
				SDKROOT = iphoneos;
				SWIFT_ACTIVE_COMPILATION_CONDITIONS = DEBUG;
				SWIFT_OPTIMIZATION_LEVEL = "-Onone";
			};
			name = Debug;
		};
		BE2285DF201A389D00C2A7DF /* Release */ = {
			isa = XCBuildConfiguration;
			buildSettings = {
				ALWAYS_SEARCH_USER_PATHS = NO;
				CLANG_ANALYZER_LOCALIZABILITY_NONLOCALIZED = YES;
				CLANG_ANALYZER_NONNULL = YES;
				CLANG_ANALYZER_NUMBER_OBJECT_CONVERSION = YES_AGGRESSIVE;
				CLANG_CXX_LANGUAGE_STANDARD = "gnu++14";
				CLANG_CXX_LIBRARY = "libc++";
				CLANG_ENABLE_MODULES = YES;
				CLANG_ENABLE_OBJC_ARC = YES;
				CLANG_WARN_BLOCK_CAPTURE_AUTORELEASING = YES;
				CLANG_WARN_BOOL_CONVERSION = YES;
				CLANG_WARN_COMMA = YES;
				CLANG_WARN_CONSTANT_CONVERSION = YES;
				CLANG_WARN_DIRECT_OBJC_ISA_USAGE = YES_ERROR;
				CLANG_WARN_DOCUMENTATION_COMMENTS = YES;
				CLANG_WARN_EMPTY_BODY = YES;
				CLANG_WARN_ENUM_CONVERSION = YES;
				CLANG_WARN_INFINITE_RECURSION = YES;
				CLANG_WARN_INT_CONVERSION = YES;
				CLANG_WARN_NON_LITERAL_NULL_CONVERSION = YES;
				CLANG_WARN_OBJC_LITERAL_CONVERSION = YES;
				CLANG_WARN_OBJC_ROOT_CLASS = YES_ERROR;
				CLANG_WARN_RANGE_LOOP_ANALYSIS = YES;
				CLANG_WARN_STRICT_PROTOTYPES = YES;
				CLANG_WARN_SUSPICIOUS_MOVE = YES;
				CLANG_WARN_UNGUARDED_AVAILABILITY = YES_AGGRESSIVE;
				CLANG_WARN_UNREACHABLE_CODE = YES;
				CLANG_WARN__DUPLICATE_METHOD_MATCH = YES;
				CODE_SIGN_IDENTITY = "iPhone Developer";
				COPY_PHASE_STRIP = NO;
				DEBUG_INFORMATION_FORMAT = "dwarf-with-dsym";
				ENABLE_NS_ASSERTIONS = NO;
				ENABLE_STRICT_OBJC_MSGSEND = YES;
				GCC_C_LANGUAGE_STANDARD = gnu11;
				GCC_NO_COMMON_BLOCKS = YES;
				GCC_WARN_64_TO_32_BIT_CONVERSION = YES;
				GCC_WARN_ABOUT_RETURN_TYPE = YES_ERROR;
				GCC_WARN_UNDECLARED_SELECTOR = YES;
				GCC_WARN_UNINITIALIZED_AUTOS = YES_AGGRESSIVE;
				GCC_WARN_UNUSED_FUNCTION = YES;
				GCC_WARN_UNUSED_VARIABLE = YES;
				IPHONEOS_DEPLOYMENT_TARGET = 9.0;
				MTL_ENABLE_DEBUG_INFO = NO;
				SDKROOT = iphoneos;
				SWIFT_OPTIMIZATION_LEVEL = "-Owholemodule";
				VALIDATE_PRODUCT = YES;
			};
			name = Release;
		};
		BE2285E1201A389D00C2A7DF /* Debug */ = {
			isa = XCBuildConfiguration;
			baseConfigurationReference = DFB92583DD3E650EAD28A17C /* Pods-manni.debug.xcconfig */;
			buildSettings = {
				ASSETCATALOG_COMPILER_APPICON_NAME = AppIcon;
				CODE_SIGN_STYLE = Automatic;
				DEVELOPMENT_TEAM = S36925NV4E;
				INFOPLIST_FILE = manni/Info.plist;
				IPHONEOS_DEPLOYMENT_TARGET = 9.0;
				LD_RUNPATH_SEARCH_PATHS = "$(inherited) @executable_path/Frameworks";
				PRODUCT_BUNDLE_IDENTIFIER = com.philippmatthes.manni;
				PRODUCT_NAME = "$(TARGET_NAME)";
				SWIFT_VERSION = 4.0;
				TARGETED_DEVICE_FAMILY = "1,2";
			};
			name = Debug;
		};
		BE2285E2201A389D00C2A7DF /* Release */ = {
			isa = XCBuildConfiguration;
			baseConfigurationReference = 1BADA0BE6BDD8E9A8E44701D /* Pods-manni.release.xcconfig */;
			buildSettings = {
				ASSETCATALOG_COMPILER_APPICON_NAME = AppIcon;
				CODE_SIGN_STYLE = Automatic;
				DEVELOPMENT_TEAM = S36925NV4E;
				INFOPLIST_FILE = manni/Info.plist;
				IPHONEOS_DEPLOYMENT_TARGET = 9.0;
				LD_RUNPATH_SEARCH_PATHS = "$(inherited) @executable_path/Frameworks";
				PRODUCT_BUNDLE_IDENTIFIER = com.philippmatthes.manni;
				PRODUCT_NAME = "$(TARGET_NAME)";
				SWIFT_VERSION = 4.0;
				TARGETED_DEVICE_FAMILY = "1,2";
			};
			name = Release;
		};
/* End XCBuildConfiguration section */

/* Begin XCConfigurationList section */
		BE2285C9201A389D00C2A7DF /* Build configuration list for PBXProject "manni" */ = {
			isa = XCConfigurationList;
			buildConfigurations = (
				BE2285DE201A389D00C2A7DF /* Debug */,
				BE2285DF201A389D00C2A7DF /* Release */,
			);
			defaultConfigurationIsVisible = 0;
			defaultConfigurationName = Release;
		};
		BE2285E0201A389D00C2A7DF /* Build configuration list for PBXNativeTarget "manni" */ = {
			isa = XCConfigurationList;
			buildConfigurations = (
				BE2285E1201A389D00C2A7DF /* Debug */,
				BE2285E2201A389D00C2A7DF /* Release */,
			);
			defaultConfigurationIsVisible = 0;
			defaultConfigurationName = Release;
		};
/* End XCConfigurationList section */
	};
	rootObject = BE2285C6201A389D00C2A7DF /* Project object */;
}
