// !$*UTF8*$!
{
	archiveVersion = 1;
	classes = {
	};
	objectVersion = 48;
	objects = {

/* Begin PBXBuildFile section */
		0EA444EB3FF2F9974D5ED5B9 /* Pods_manni.framework in Frameworks */ = {isa = PBXBuildFile; fileRef = BE650B50201A41B1005D1F32 /* Pods_manni.framework */; };
		7E39EDA2CACF8DC655FA9F5F /* Pods_manni_watch.framework in Frameworks */ = {isa = PBXBuildFile; fileRef = 1B755EA8020BC9A57886C037 /* Pods_manni_watch.framework */; };
		BE090F50201CD277004C1410 /* DarkBarNavigationController.swift in Sources */ = {isa = PBXBuildFile; fileRef = BE090F4F201CD277004C1410 /* DarkBarNavigationController.swift */; };
		BE0A8A942051250D00B779B9 /* Localizable.strings in Resources */ = {isa = PBXBuildFile; fileRef = BE0A8A922051250D00B779B9 /* Localizable.strings */; };
		BE2285D2201A389D00C2A7DF /* AppDelegate.swift in Sources */ = {isa = PBXBuildFile; fileRef = BE2285D1201A389D00C2A7DF /* AppDelegate.swift */; };
		BE2285D7201A389D00C2A7DF /* Main.storyboard in Resources */ = {isa = PBXBuildFile; fileRef = BE2285D5201A389D00C2A7DF /* Main.storyboard */; };
		BE2285D9201A389D00C2A7DF /* Assets.xcassets in Resources */ = {isa = PBXBuildFile; fileRef = BE2285D8201A389D00C2A7DF /* Assets.xcassets */; };
		BE2285DC201A389D00C2A7DF /* LaunchScreen.storyboard in Resources */ = {isa = PBXBuildFile; fileRef = BE2285DA201A389D00C2A7DF /* LaunchScreen.storyboard */; };
		BE2D05C2202235BB0064339B /* DepartureCell.swift in Sources */ = {isa = PBXBuildFile; fileRef = BE59ABDE201A5CD7003CA1EF /* DepartureCell.swift */; };
		BE2D05C8202308370064339B /* StorableStop.swift in Sources */ = {isa = PBXBuildFile; fileRef = BE2D05C7202308370064339B /* StorableStop.swift */; };
		BE2D05CB20230DA50064339B /* StopCell.swift in Sources */ = {isa = PBXBuildFile; fileRef = BE2D05CA20230DA50064339B /* StopCell.swift */; };
		BE2D05CF20235C8F0064339B /* RouteController.swift in Sources */ = {isa = PBXBuildFile; fileRef = BE2D05CE20235C8F0064339B /* RouteController.swift */; };
		BE49759120B0641B00D5148D /* DVB.framework in Frameworks */ = {isa = PBXBuildFile; fileRef = BE49759020B0641B00D5148D /* DVB.framework */; };
		BE4975AD20B06B7900D5148D /* NearbyStopsInterfaceController.swift in Sources */ = {isa = PBXBuildFile; fileRef = BE4975AC20B06B7900D5148D /* NearbyStopsInterfaceController.swift */; };
		BE593EB220298888008C8EAC /* StopExtension.swift in Sources */ = {isa = PBXBuildFile; fileRef = BE593EB120298888008C8EAC /* StopExtension.swift */; };
		BE593EB62029A608008C8EAC /* SettingsController.swift in Sources */ = {isa = PBXBuildFile; fileRef = BE593EB52029A608008C8EAC /* SettingsController.swift */; };
		BE593EB82029B1A2008C8EAC /* Prediction.swift in Sources */ = {isa = PBXBuildFile; fileRef = BE593EB72029B1A2008C8EAC /* Prediction.swift */; };
		BE593EBA2029BAFF008C8EAC /* RoutePredictionCell.swift in Sources */ = {isa = PBXBuildFile; fileRef = BE593EB92029BAFF008C8EAC /* RoutePredictionCell.swift */; };
		BE59ABE1201A64FE003CA1EF /* Colors.swift in Sources */ = {isa = PBXBuildFile; fileRef = BE59ABE0201A64FE003CA1EF /* Colors.swift */; };
		BE59ABE3201A6528003CA1EF /* UIColorExtension.swift in Sources */ = {isa = PBXBuildFile; fileRef = BE59ABE2201A6528003CA1EF /* UIColorExtension.swift */; };
		BE59ABE8201A76B1003CA1EF /* DateExtension.swift in Sources */ = {isa = PBXBuildFile; fileRef = BE59ABE7201A76B1003CA1EF /* DateExtension.swift */; };
		BE59ABEF201B11E2003CA1EF /* DeparturesController.swift in Sources */ = {isa = PBXBuildFile; fileRef = BE59ABEE201B11E2003CA1EF /* DeparturesController.swift */; };
		BE59ABF5201B146E003CA1EF /* State.swift in Sources */ = {isa = PBXBuildFile; fileRef = BE59ABF4201B146E003CA1EF /* State.swift */; };
		BE5BABF4201FA15B004C09FB /* LocationController.swift in Sources */ = {isa = PBXBuildFile; fileRef = BE5BABF3201FA15B004C09FB /* LocationController.swift */; };
		BE5DA24220B0607C00E57659 /* Interface.storyboard in Resources */ = {isa = PBXBuildFile; fileRef = BE5DA24020B0607C00E57659 /* Interface.storyboard */; };
		BE5DA24420B0607D00E57659 /* Assets.xcassets in Resources */ = {isa = PBXBuildFile; fileRef = BE5DA24320B0607D00E57659 /* Assets.xcassets */; };
		BE5DA24B20B0607D00E57659 /* manni-watch Extension.appex in Embed App Extensions */ = {isa = PBXBuildFile; fileRef = BE5DA24A20B0607D00E57659 /* manni-watch Extension.appex */; settings = {ATTRIBUTES = (RemoveHeadersOnCopy, ); }; };
		BE5DA25220B0607D00E57659 /* ExtensionDelegate.swift in Sources */ = {isa = PBXBuildFile; fileRef = BE5DA25120B0607D00E57659 /* ExtensionDelegate.swift */; };
		BE5DA25420B0607D00E57659 /* NotificationController.swift in Sources */ = {isa = PBXBuildFile; fileRef = BE5DA25320B0607D00E57659 /* NotificationController.swift */; };
		BE5DA25620B0607E00E57659 /* Assets.xcassets in Resources */ = {isa = PBXBuildFile; fileRef = BE5DA25520B0607E00E57659 /* Assets.xcassets */; };
		BE5DA25B20B0607E00E57659 /* manni-watch.app in Embed Watch Content */ = {isa = PBXBuildFile; fileRef = BE5DA23E20B0607C00E57659 /* manni-watch.app */; };
		BE650B51201A425A005D1F32 /* DVB.framework in Frameworks */ = {isa = PBXBuildFile; fileRef = BE650B54201A425A005D1F32 /* DVB.framework */; };
		BE650B52201A425A005D1F32 /* Material.framework in Frameworks */ = {isa = PBXBuildFile; fileRef = BE650B55201A425A005D1F32 /* Material.framework */; };
		BE650B53201A425A005D1F32 /* Motion.framework in Frameworks */ = {isa = PBXBuildFile; fileRef = BE650B56201A425A005D1F32 /* Motion.framework */; };
		BE89CAFB20B06DC300626C37 /* StopRowController.swift in Sources */ = {isa = PBXBuildFile; fileRef = BE89CAFA20B06DC300626C37 /* StopRowController.swift */; };
		BE8D5CDD20204E930057740A /* Util.swift in Sources */ = {isa = PBXBuildFile; fileRef = BE8D5CDC20204E930057740A /* Util.swift */; };
		BE8D5CDF2020605D0057740A /* RouteStopExtension.swift in Sources */ = {isa = PBXBuildFile; fileRef = BE8D5CDE2020605D0057740A /* RouteStopExtension.swift */; };
		BE8D5CE120206AB80057740A /* MapViewExtension.swift in Sources */ = {isa = PBXBuildFile; fileRef = BE8D5CE020206AB80057740A /* MapViewExtension.swift */; };
		BE8D5CE4202080B60057740A /* BRYXBanner.framework in Frameworks */ = {isa = PBXBuildFile; fileRef = BE8D5CE5202080B60057740A /* BRYXBanner.framework */; };
		BE8D5CE7202081CF0057740A /* BannerExtension.swift in Sources */ = {isa = PBXBuildFile; fileRef = BE8D5CE6202081CF0057740A /* BannerExtension.swift */; };
		BE8D5CE9202097410057740A /* Config.swift in Sources */ = {isa = PBXBuildFile; fileRef = BE8D5CE8202097410057740A /* Config.swift */; };
		BE98601E201B2B15008B4A08 /* SearchController.swift in Sources */ = {isa = PBXBuildFile; fileRef = BE98601D201B2B15008B4A08 /* SearchController.swift */; };
		BE986020201B2FFB008B4A08 /* UIViewControllerExtension.swift in Sources */ = {isa = PBXBuildFile; fileRef = BE98601F201B2FFB008B4A08 /* UIViewControllerExtension.swift */; };
		BEA761362025E7E300D39B15 /* RouteCell.swift in Sources */ = {isa = PBXBuildFile; fileRef = BEA761352025E7E300D39B15 /* RouteCell.swift */; };
		BEA7613A2025F6D900D39B15 /* PartialRouteCell.swift in Sources */ = {isa = PBXBuildFile; fileRef = BEA761392025F6D900D39B15 /* PartialRouteCell.swift */; };
		BEA761402027245300D39B15 /* PartialRouteExtension.swift in Sources */ = {isa = PBXBuildFile; fileRef = BEA7613F2027245300D39B15 /* PartialRouteExtension.swift */; };
		BEA761442027653A00D39B15 /* RouteMapController.swift in Sources */ = {isa = PBXBuildFile; fileRef = BEA761432027653A00D39B15 /* RouteMapController.swift */; };
		BEBCE9E5209F0CEE00D471DC /* IntExtension.swift in Sources */ = {isa = PBXBuildFile; fileRef = BEBCE9E3209F0CED00D471DC /* IntExtension.swift */; };
		BEBCE9E6209F0CEE00D471DC /* UIViewExtension.swift in Sources */ = {isa = PBXBuildFile; fileRef = BEBCE9E4209F0CED00D471DC /* UIViewExtension.swift */; };
		BEBCE9E8209F0CFF00D471DC /* UserDefaultsExtension.swift in Sources */ = {isa = PBXBuildFile; fileRef = BEBCE9E7209F0CFF00D471DC /* UserDefaultsExtension.swift */; };
		BEBCE9EA209F0F4300D471DC /* Tools.swift in Sources */ = {isa = PBXBuildFile; fileRef = BEBCE9E9209F0F4300D471DC /* Tools.swift */; };
		BEBCE9EC209F16BC00D471DC /* LaterCell.swift in Sources */ = {isa = PBXBuildFile; fileRef = BEBCE9EB209F16BC00D471DC /* LaterCell.swift */; };
		BEBCE9EE20A023E900D471DC /* RefreshControlExtension.swift in Sources */ = {isa = PBXBuildFile; fileRef = BEBCE9ED20A023E900D471DC /* RefreshControlExtension.swift */; };
		BEBEC502202B4618007617B4 /* NavigationItemExtension.swift in Sources */ = {isa = PBXBuildFile; fileRef = BEBEC501202B4618007617B4 /* NavigationItemExtension.swift */; };
		BEBEC506202C2F44007617B4 /* Predictor.swift in Sources */ = {isa = PBXBuildFile; fileRef = BEBEC505202C2F44007617B4 /* Predictor.swift */; };
		BEBEC51C202C6133007617B4 /* EquatableExtension.swift in Sources */ = {isa = PBXBuildFile; fileRef = BEBEC508202C6130007617B4 /* EquatableExtension.swift */; };
		BEBEC51F202C6133007617B4 /* UINaviationBarExtension.swift in Sources */ = {isa = PBXBuildFile; fileRef = BEBEC50B202C6130007617B4 /* UINaviationBarExtension.swift */; };
		BEBEC521202C6133007617B4 /* OptionalExtension.swift in Sources */ = {isa = PBXBuildFile; fileRef = BEBEC50D202C6131007617B4 /* OptionalExtension.swift */; };
		BEBEC522202C6133007617B4 /* MKCoordinateRegionExtension.swift in Sources */ = {isa = PBXBuildFile; fileRef = BEBEC50E202C6131007617B4 /* MKCoordinateRegionExtension.swift */; };
		BEBEC523202C6133007617B4 /* CGSizeExtension.swift in Sources */ = {isa = PBXBuildFile; fileRef = BEBEC50F202C6131007617B4 /* CGSizeExtension.swift */; };
		BEBEC524202C6133007617B4 /* UITabBarExtension.swift in Sources */ = {isa = PBXBuildFile; fileRef = BEBEC510202C6131007617B4 /* UITabBarExtension.swift */; };
		BEBEC525202C6133007617B4 /* URLExtension.swift in Sources */ = {isa = PBXBuildFile; fileRef = BEBEC511202C6131007617B4 /* URLExtension.swift */; };
		BEBEC527202C6133007617B4 /* BadgeExtension.swift in Sources */ = {isa = PBXBuildFile; fileRef = BEBEC513202C6131007617B4 /* BadgeExtension.swift */; };
		BEBEC528202C6133007617B4 /* UIControlExtension.swift in Sources */ = {isa = PBXBuildFile; fileRef = BEBEC514202C6132007617B4 /* UIControlExtension.swift */; };
		BEBEC52B202C6133007617B4 /* UIImageExtension.swift in Sources */ = {isa = PBXBuildFile; fileRef = BEBEC517202C6132007617B4 /* UIImageExtension.swift */; };
		BEBEC52C202C6133007617B4 /* CLLocationExtension.swift in Sources */ = {isa = PBXBuildFile; fileRef = BEBEC518202C6132007617B4 /* CLLocationExtension.swift */; };
		BEBEC52E202C6133007617B4 /* SFSafariViewControllerExtension.swift in Sources */ = {isa = PBXBuildFile; fileRef = BEBEC51A202C6132007617B4 /* SFSafariViewControllerExtension.swift */; };
		BEBEC531202C647D007617B4 /* ArrayExtension.swift in Sources */ = {isa = PBXBuildFile; fileRef = BEBEC530202C646F007617B4 /* ArrayExtension.swift */; };
		BEC6887520543C5F0013965A /* SwiftRater.framework in Frameworks */ = {isa = PBXBuildFile; fileRef = BEC6887620543C5F0013965A /* SwiftRater.framework */; };
		BEC6887820543C6B0013965A /* SwiftRaterExtension.swift in Sources */ = {isa = PBXBuildFile; fileRef = BEC6887720543C6B0013965A /* SwiftRaterExtension.swift */; };
		BECB0CA720B0D856009E34DA /* DeparturesInterfaceController.swift in Sources */ = {isa = PBXBuildFile; fileRef = BECB0CA620B0D856009E34DA /* DeparturesInterfaceController.swift */; };
		BECB0CA920B0D930009E34DA /* DepartureRowController.swift in Sources */ = {isa = PBXBuildFile; fileRef = BECB0CA820B0D930009E34DA /* DepartureRowController.swift */; };
		BECB0CAA20B0E2F9009E34DA /* DateExtension.swift in Sources */ = {isa = PBXBuildFile; fileRef = BE59ABE7201A76B1003CA1EF /* DateExtension.swift */; };
		BECB0CAB20B0E345009E34DA /* Config.swift in Sources */ = {isa = PBXBuildFile; fileRef = BE8D5CE8202097410057740A /* Config.swift */; };
		BECB0CB020B0EA80009E34DA /* Localizable.strings in Resources */ = {isa = PBXBuildFile; fileRef = BE0A8A922051250D00B779B9 /* Localizable.strings */; };
		BEF4854520B0837200B93508 /* Colors.swift in Sources */ = {isa = PBXBuildFile; fileRef = BE59ABE0201A64FE003CA1EF /* Colors.swift */; };
		BEF4854620B084BC00B93508 /* UIColorExtension.swift in Sources */ = {isa = PBXBuildFile; fileRef = BE59ABE2201A6528003CA1EF /* UIColorExtension.swift */; };
		BEF4854720B084C200B93508 /* IntExtension.swift in Sources */ = {isa = PBXBuildFile; fileRef = BEBCE9E3209F0CED00D471DC /* IntExtension.swift */; };
		BEF4854B20B091EA00B93508 /* Station.swift in Sources */ = {isa = PBXBuildFile; fileRef = BEF4854A20B091EA00B93508 /* Station.swift */; };
		BEF4854D20B0930500B93508 /* CSV.swift in Sources */ = {isa = PBXBuildFile; fileRef = BEF4854C20B0930500B93508 /* CSV.swift */; };
		BEF4854E20B09DF500B93508 /* Station.swift in Sources */ = {isa = PBXBuildFile; fileRef = BEF4854A20B091EA00B93508 /* Station.swift */; };
		BEF4854F20B09DF700B93508 /* CSV.swift in Sources */ = {isa = PBXBuildFile; fileRef = BEF4854C20B0930500B93508 /* CSV.swift */; };
		BEF4855720B0A27500B93508 /* stations.csv in Resources */ = {isa = PBXBuildFile; fileRef = BEF4855520B0A16B00B93508 /* stations.csv */; };
		BEF4855820B0A27D00B93508 /* stations.csv in Resources */ = {isa = PBXBuildFile; fileRef = BEF4855520B0A16B00B93508 /* stations.csv */; };
		BEF4855920B0A28500B93508 /* stations.csv in Resources */ = {isa = PBXBuildFile; fileRef = BEF4855520B0A16B00B93508 /* stations.csv */; };
		C28C36362AFDA7C1B5904AF7 /* Pods_manni_watch_Extension.framework in Frameworks */ = {isa = PBXBuildFile; fileRef = EE4A008C5CA4DF5E4863CE00 /* Pods_manni_watch_Extension.framework */; };
/* End PBXBuildFile section */

/* Begin PBXContainerItemProxy section */
		BE5DA24C20B0607D00E57659 /* PBXContainerItemProxy */ = {
			isa = PBXContainerItemProxy;
			containerPortal = BE2285C6201A389D00C2A7DF /* Project object */;
			proxyType = 1;
			remoteGlobalIDString = BE5DA24920B0607D00E57659;
			remoteInfo = "manni-watch Extension";
		};
		BE5DA25920B0607E00E57659 /* PBXContainerItemProxy */ = {
			isa = PBXContainerItemProxy;
			containerPortal = BE2285C6201A389D00C2A7DF /* Project object */;
			proxyType = 1;
			remoteGlobalIDString = BE5DA23D20B0607C00E57659;
			remoteInfo = "manni-watch";
		};
/* End PBXContainerItemProxy section */

/* Begin PBXCopyFilesBuildPhase section */
		BE5DA26120B0607E00E57659 /* Embed App Extensions */ = {
			isa = PBXCopyFilesBuildPhase;
			buildActionMask = 2147483647;
			dstPath = "";
			dstSubfolderSpec = 13;
			files = (
				BE5DA24B20B0607D00E57659 /* manni-watch Extension.appex in Embed App Extensions */,
			);
			name = "Embed App Extensions";
			runOnlyForDeploymentPostprocessing = 0;
		};
		BE5DA26320B0607E00E57659 /* Embed Watch Content */ = {
			isa = PBXCopyFilesBuildPhase;
			buildActionMask = 2147483647;
			dstPath = "$(CONTENTS_FOLDER_PATH)/Watch";
			dstSubfolderSpec = 16;
			files = (
				BE5DA25B20B0607E00E57659 /* manni-watch.app in Embed Watch Content */,
			);
			name = "Embed Watch Content";
			runOnlyForDeploymentPostprocessing = 0;
		};
/* End PBXCopyFilesBuildPhase section */

/* Begin PBXFileReference section */
		1B755EA8020BC9A57886C037 /* Pods_manni_watch.framework */ = {isa = PBXFileReference; explicitFileType = wrapper.framework; includeInIndex = 0; path = Pods_manni_watch.framework; sourceTree = BUILT_PRODUCTS_DIR; };
		1BADA0BE6BDD8E9A8E44701D /* Pods-manni.release.xcconfig */ = {isa = PBXFileReference; includeInIndex = 1; lastKnownFileType = text.xcconfig; name = "Pods-manni.release.xcconfig"; path = "Pods/Target Support Files/Pods-manni/Pods-manni.release.xcconfig"; sourceTree = "<group>"; };
		5540C537CC606CF790B39F8B /* Pods-manni-watch.debug.xcconfig */ = {isa = PBXFileReference; includeInIndex = 1; lastKnownFileType = text.xcconfig; name = "Pods-manni-watch.debug.xcconfig"; path = "Pods/Target Support Files/Pods-manni-watch/Pods-manni-watch.debug.xcconfig"; sourceTree = "<group>"; };
		82F5048C4DB35EB25F7C1512 /* Pods-manni-watch Extension.debug.xcconfig */ = {isa = PBXFileReference; includeInIndex = 1; lastKnownFileType = text.xcconfig; name = "Pods-manni-watch Extension.debug.xcconfig"; path = "Pods/Target Support Files/Pods-manni-watch Extension/Pods-manni-watch Extension.debug.xcconfig"; sourceTree = "<group>"; };
		BE090F4F201CD277004C1410 /* DarkBarNavigationController.swift */ = {isa = PBXFileReference; lastKnownFileType = sourcecode.swift; path = DarkBarNavigationController.swift; sourceTree = "<group>"; };
		BE0A8A8C20511CA900B779B9 /* de */ = {isa = PBXFileReference; lastKnownFileType = text.plist.strings; name = de; path = de.lproj/LaunchScreen.strings; sourceTree = "<group>"; };
		BE0A8A8D20511CA900B779B9 /* de */ = {isa = PBXFileReference; lastKnownFileType = text.plist.strings; name = de; path = de.lproj/Main.strings; sourceTree = "<group>"; };
		BE0A8A932051250D00B779B9 /* de */ = {isa = PBXFileReference; lastKnownFileType = text.plist.strings; name = de; path = manni/de.lproj/Localizable.strings; sourceTree = "<group>"; };
		BE0A8A952051251E00B779B9 /* en */ = {isa = PBXFileReference; lastKnownFileType = text.plist.strings; name = en; path = en.lproj/LaunchScreen.strings; sourceTree = "<group>"; };
		BE0A8A962051251E00B779B9 /* en */ = {isa = PBXFileReference; lastKnownFileType = text.plist.strings; name = en; path = en.lproj/Main.strings; sourceTree = "<group>"; };
		BE0A8A972051251E00B779B9 /* en */ = {isa = PBXFileReference; lastKnownFileType = text.plist.strings; name = en; path = manni/en.lproj/Localizable.strings; sourceTree = "<group>"; };
		BE2285CE201A389D00C2A7DF /* manni.app */ = {isa = PBXFileReference; explicitFileType = wrapper.application; includeInIndex = 0; path = manni.app; sourceTree = BUILT_PRODUCTS_DIR; };
		BE2285D1201A389D00C2A7DF /* AppDelegate.swift */ = {isa = PBXFileReference; lastKnownFileType = sourcecode.swift; path = AppDelegate.swift; sourceTree = "<group>"; };
		BE2285D6201A389D00C2A7DF /* Base */ = {isa = PBXFileReference; lastKnownFileType = file.storyboard; name = Base; path = Base.lproj/Main.storyboard; sourceTree = "<group>"; };
		BE2285D8201A389D00C2A7DF /* Assets.xcassets */ = {isa = PBXFileReference; lastKnownFileType = folder.assetcatalog; path = Assets.xcassets; sourceTree = "<group>"; };
		BE2285DB201A389D00C2A7DF /* Base */ = {isa = PBXFileReference; lastKnownFileType = file.storyboard; name = Base; path = Base.lproj/LaunchScreen.storyboard; sourceTree = "<group>"; };
		BE2285DD201A389D00C2A7DF /* Info.plist */ = {isa = PBXFileReference; lastKnownFileType = text.plist.xml; path = Info.plist; sourceTree = "<group>"; };
		BE2D05C6202244F60064339B /* SwiftSVG.framework */ = {isa = PBXFileReference; explicitFileType = wrapper.framework; path = SwiftSVG.framework; sourceTree = BUILT_PRODUCTS_DIR; };
		BE2D05C7202308370064339B /* StorableStop.swift */ = {isa = PBXFileReference; fileEncoding = 4; lastKnownFileType = sourcecode.swift; path = StorableStop.swift; sourceTree = "<group>"; };
		BE2D05CA20230DA50064339B /* StopCell.swift */ = {isa = PBXFileReference; lastKnownFileType = sourcecode.swift; path = StopCell.swift; sourceTree = "<group>"; };
		BE2D05CE20235C8F0064339B /* RouteController.swift */ = {isa = PBXFileReference; lastKnownFileType = sourcecode.swift; path = RouteController.swift; sourceTree = "<group>"; };
		BE49759020B0641B00D5148D /* DVB.framework */ = {isa = PBXFileReference; explicitFileType = wrapper.framework; path = DVB.framework; sourceTree = BUILT_PRODUCTS_DIR; };
		BE4975AC20B06B7900D5148D /* NearbyStopsInterfaceController.swift */ = {isa = PBXFileReference; lastKnownFileType = sourcecode.swift; path = NearbyStopsInterfaceController.swift; sourceTree = "<group>"; };
		BE593EB120298888008C8EAC /* StopExtension.swift */ = {isa = PBXFileReference; lastKnownFileType = sourcecode.swift; path = StopExtension.swift; sourceTree = "<group>"; };
		BE593EB52029A608008C8EAC /* SettingsController.swift */ = {isa = PBXFileReference; lastKnownFileType = sourcecode.swift; path = SettingsController.swift; sourceTree = "<group>"; };
		BE593EB72029B1A2008C8EAC /* Prediction.swift */ = {isa = PBXFileReference; lastKnownFileType = sourcecode.swift; path = Prediction.swift; sourceTree = "<group>"; };
		BE593EB92029BAFF008C8EAC /* RoutePredictionCell.swift */ = {isa = PBXFileReference; lastKnownFileType = sourcecode.swift; path = RoutePredictionCell.swift; sourceTree = "<group>"; };
		BE59ABDE201A5CD7003CA1EF /* DepartureCell.swift */ = {isa = PBXFileReference; fileEncoding = 4; lastKnownFileType = sourcecode.swift; path = DepartureCell.swift; sourceTree = "<group>"; };
		BE59ABE0201A64FE003CA1EF /* Colors.swift */ = {isa = PBXFileReference; lastKnownFileType = sourcecode.swift; path = Colors.swift; sourceTree = "<group>"; };
		BE59ABE2201A6528003CA1EF /* UIColorExtension.swift */ = {isa = PBXFileReference; lastKnownFileType = sourcecode.swift; path = UIColorExtension.swift; sourceTree = "<group>"; };
		BE59ABE7201A76B1003CA1EF /* DateExtension.swift */ = {isa = PBXFileReference; lastKnownFileType = sourcecode.swift; path = DateExtension.swift; sourceTree = "<group>"; };
		BE59ABEE201B11E2003CA1EF /* DeparturesController.swift */ = {isa = PBXFileReference; lastKnownFileType = sourcecode.swift; path = DeparturesController.swift; sourceTree = "<group>"; };
		BE59ABF3201B144C003CA1EF /* CSV.framework */ = {isa = PBXFileReference; explicitFileType = wrapper.framework; path = CSV.framework; sourceTree = BUILT_PRODUCTS_DIR; };
		BE59ABF4201B146E003CA1EF /* State.swift */ = {isa = PBXFileReference; lastKnownFileType = sourcecode.swift; path = State.swift; sourceTree = "<group>"; };
		BE5BABF3201FA15B004C09FB /* LocationController.swift */ = {isa = PBXFileReference; lastKnownFileType = sourcecode.swift; path = LocationController.swift; sourceTree = "<group>"; };
		BE5DA23E20B0607C00E57659 /* manni-watch.app */ = {isa = PBXFileReference; explicitFileType = wrapper.application; includeInIndex = 0; path = "manni-watch.app"; sourceTree = BUILT_PRODUCTS_DIR; };
		BE5DA24120B0607C00E57659 /* Base */ = {isa = PBXFileReference; lastKnownFileType = file.storyboard; name = Base; path = Base.lproj/Interface.storyboard; sourceTree = "<group>"; };
		BE5DA24320B0607D00E57659 /* Assets.xcassets */ = {isa = PBXFileReference; lastKnownFileType = folder.assetcatalog; path = Assets.xcassets; sourceTree = "<group>"; };
		BE5DA24520B0607D00E57659 /* Info.plist */ = {isa = PBXFileReference; lastKnownFileType = text.plist.xml; path = Info.plist; sourceTree = "<group>"; };
		BE5DA24A20B0607D00E57659 /* manni-watch Extension.appex */ = {isa = PBXFileReference; explicitFileType = "wrapper.app-extension"; includeInIndex = 0; path = "manni-watch Extension.appex"; sourceTree = BUILT_PRODUCTS_DIR; };
		BE5DA25120B0607D00E57659 /* ExtensionDelegate.swift */ = {isa = PBXFileReference; lastKnownFileType = sourcecode.swift; path = ExtensionDelegate.swift; sourceTree = "<group>"; };
		BE5DA25320B0607D00E57659 /* NotificationController.swift */ = {isa = PBXFileReference; lastKnownFileType = sourcecode.swift; path = NotificationController.swift; sourceTree = "<group>"; };
		BE5DA25520B0607E00E57659 /* Assets.xcassets */ = {isa = PBXFileReference; lastKnownFileType = folder.assetcatalog; path = Assets.xcassets; sourceTree = "<group>"; };
		BE5DA25720B0607E00E57659 /* Info.plist */ = {isa = PBXFileReference; lastKnownFileType = text.plist.xml; path = Info.plist; sourceTree = "<group>"; };
		BE5DA25820B0607E00E57659 /* PushNotificationPayload.apns */ = {isa = PBXFileReference; lastKnownFileType = text; path = PushNotificationPayload.apns; sourceTree = "<group>"; };
		BE650B4D201A41B1005D1F32 /* DVB.framework */ = {isa = PBXFileReference; explicitFileType = wrapper.framework; path = DVB.framework; sourceTree = BUILT_PRODUCTS_DIR; };
		BE650B4E201A41B1005D1F32 /* Material.framework */ = {isa = PBXFileReference; explicitFileType = wrapper.framework; path = Material.framework; sourceTree = BUILT_PRODUCTS_DIR; };
		BE650B4F201A41B1005D1F32 /* Motion.framework */ = {isa = PBXFileReference; explicitFileType = wrapper.framework; path = Motion.framework; sourceTree = BUILT_PRODUCTS_DIR; };
		BE650B50201A41B1005D1F32 /* Pods_manni.framework */ = {isa = PBXFileReference; explicitFileType = wrapper.framework; path = Pods_manni.framework; sourceTree = BUILT_PRODUCTS_DIR; };
		BE650B54201A425A005D1F32 /* DVB.framework */ = {isa = PBXFileReference; explicitFileType = wrapper.framework; path = DVB.framework; sourceTree = BUILT_PRODUCTS_DIR; };
		BE650B55201A425A005D1F32 /* Material.framework */ = {isa = PBXFileReference; explicitFileType = wrapper.framework; path = Material.framework; sourceTree = BUILT_PRODUCTS_DIR; };
		BE650B56201A425A005D1F32 /* Motion.framework */ = {isa = PBXFileReference; explicitFileType = wrapper.framework; path = Motion.framework; sourceTree = BUILT_PRODUCTS_DIR; };
		BE89CAFA20B06DC300626C37 /* StopRowController.swift */ = {isa = PBXFileReference; lastKnownFileType = sourcecode.swift; path = StopRowController.swift; sourceTree = "<group>"; };
		BE8D5CDC20204E930057740A /* Util.swift */ = {isa = PBXFileReference; lastKnownFileType = sourcecode.swift; path = Util.swift; sourceTree = "<group>"; };
		BE8D5CDE2020605D0057740A /* RouteStopExtension.swift */ = {isa = PBXFileReference; lastKnownFileType = sourcecode.swift; path = RouteStopExtension.swift; sourceTree = "<group>"; };
		BE8D5CE020206AB80057740A /* MapViewExtension.swift */ = {isa = PBXFileReference; lastKnownFileType = sourcecode.swift; path = MapViewExtension.swift; sourceTree = "<group>"; };
		BE8D5CE5202080B60057740A /* BRYXBanner.framework */ = {isa = PBXFileReference; explicitFileType = wrapper.framework; path = BRYXBanner.framework; sourceTree = BUILT_PRODUCTS_DIR; };
		BE8D5CE6202081CF0057740A /* BannerExtension.swift */ = {isa = PBXFileReference; lastKnownFileType = sourcecode.swift; path = BannerExtension.swift; sourceTree = "<group>"; };
		BE8D5CE8202097410057740A /* Config.swift */ = {isa = PBXFileReference; lastKnownFileType = sourcecode.swift; path = Config.swift; sourceTree = "<group>"; };
		BE98601D201B2B15008B4A08 /* SearchController.swift */ = {isa = PBXFileReference; lastKnownFileType = sourcecode.swift; path = SearchController.swift; sourceTree = "<group>"; };
		BE98601F201B2FFB008B4A08 /* UIViewControllerExtension.swift */ = {isa = PBXFileReference; lastKnownFileType = sourcecode.swift; path = UIViewControllerExtension.swift; sourceTree = "<group>"; };
		BEA761352025E7E300D39B15 /* RouteCell.swift */ = {isa = PBXFileReference; lastKnownFileType = sourcecode.swift; path = RouteCell.swift; sourceTree = "<group>"; };
		BEA761392025F6D900D39B15 /* PartialRouteCell.swift */ = {isa = PBXFileReference; lastKnownFileType = sourcecode.swift; path = PartialRouteCell.swift; sourceTree = "<group>"; };
		BEA7613F2027245300D39B15 /* PartialRouteExtension.swift */ = {isa = PBXFileReference; lastKnownFileType = sourcecode.swift; path = PartialRouteExtension.swift; sourceTree = "<group>"; };
		BEA761432027653A00D39B15 /* RouteMapController.swift */ = {isa = PBXFileReference; lastKnownFileType = sourcecode.swift; path = RouteMapController.swift; sourceTree = "<group>"; };
		BEBCE9E3209F0CED00D471DC /* IntExtension.swift */ = {isa = PBXFileReference; fileEncoding = 4; lastKnownFileType = sourcecode.swift; path = IntExtension.swift; sourceTree = "<group>"; };
		BEBCE9E4209F0CED00D471DC /* UIViewExtension.swift */ = {isa = PBXFileReference; fileEncoding = 4; lastKnownFileType = sourcecode.swift; path = UIViewExtension.swift; sourceTree = "<group>"; };
		BEBCE9E7209F0CFF00D471DC /* UserDefaultsExtension.swift */ = {isa = PBXFileReference; fileEncoding = 4; lastKnownFileType = sourcecode.swift; path = UserDefaultsExtension.swift; sourceTree = "<group>"; };
		BEBCE9E9209F0F4300D471DC /* Tools.swift */ = {isa = PBXFileReference; lastKnownFileType = sourcecode.swift; path = Tools.swift; sourceTree = "<group>"; };
		BEBCE9EB209F16BC00D471DC /* LaterCell.swift */ = {isa = PBXFileReference; lastKnownFileType = sourcecode.swift; path = LaterCell.swift; sourceTree = "<group>"; };
		BEBCE9ED20A023E900D471DC /* RefreshControlExtension.swift */ = {isa = PBXFileReference; lastKnownFileType = sourcecode.swift; path = RefreshControlExtension.swift; sourceTree = "<group>"; };
		BEBEC501202B4618007617B4 /* NavigationItemExtension.swift */ = {isa = PBXFileReference; lastKnownFileType = sourcecode.swift; path = NavigationItemExtension.swift; sourceTree = "<group>"; };
		BEBEC505202C2F44007617B4 /* Predictor.swift */ = {isa = PBXFileReference; lastKnownFileType = sourcecode.swift; path = Predictor.swift; sourceTree = "<group>"; };
		BEBEC508202C6130007617B4 /* EquatableExtension.swift */ = {isa = PBXFileReference; fileEncoding = 4; lastKnownFileType = sourcecode.swift; path = EquatableExtension.swift; sourceTree = "<group>"; };
		BEBEC50B202C6130007617B4 /* UINaviationBarExtension.swift */ = {isa = PBXFileReference; fileEncoding = 4; lastKnownFileType = sourcecode.swift; path = UINaviationBarExtension.swift; sourceTree = "<group>"; };
		BEBEC50D202C6131007617B4 /* OptionalExtension.swift */ = {isa = PBXFileReference; fileEncoding = 4; lastKnownFileType = sourcecode.swift; path = OptionalExtension.swift; sourceTree = "<group>"; };
		BEBEC50E202C6131007617B4 /* MKCoordinateRegionExtension.swift */ = {isa = PBXFileReference; fileEncoding = 4; lastKnownFileType = sourcecode.swift; path = MKCoordinateRegionExtension.swift; sourceTree = "<group>"; };
		BEBEC50F202C6131007617B4 /* CGSizeExtension.swift */ = {isa = PBXFileReference; fileEncoding = 4; lastKnownFileType = sourcecode.swift; path = CGSizeExtension.swift; sourceTree = "<group>"; };
		BEBEC510202C6131007617B4 /* UITabBarExtension.swift */ = {isa = PBXFileReference; fileEncoding = 4; lastKnownFileType = sourcecode.swift; path = UITabBarExtension.swift; sourceTree = "<group>"; };
		BEBEC511202C6131007617B4 /* URLExtension.swift */ = {isa = PBXFileReference; fileEncoding = 4; lastKnownFileType = sourcecode.swift; path = URLExtension.swift; sourceTree = "<group>"; };
		BEBEC513202C6131007617B4 /* BadgeExtension.swift */ = {isa = PBXFileReference; fileEncoding = 4; lastKnownFileType = sourcecode.swift; path = BadgeExtension.swift; sourceTree = "<group>"; };
		BEBEC514202C6132007617B4 /* UIControlExtension.swift */ = {isa = PBXFileReference; fileEncoding = 4; lastKnownFileType = sourcecode.swift; path = UIControlExtension.swift; sourceTree = "<group>"; };
		BEBEC517202C6132007617B4 /* UIImageExtension.swift */ = {isa = PBXFileReference; fileEncoding = 4; lastKnownFileType = sourcecode.swift; path = UIImageExtension.swift; sourceTree = "<group>"; };
		BEBEC518202C6132007617B4 /* CLLocationExtension.swift */ = {isa = PBXFileReference; fileEncoding = 4; lastKnownFileType = sourcecode.swift; path = CLLocationExtension.swift; sourceTree = "<group>"; };
		BEBEC51A202C6132007617B4 /* SFSafariViewControllerExtension.swift */ = {isa = PBXFileReference; fileEncoding = 4; lastKnownFileType = sourcecode.swift; path = SFSafariViewControllerExtension.swift; sourceTree = "<group>"; };
		BEBEC530202C646F007617B4 /* ArrayExtension.swift */ = {isa = PBXFileReference; lastKnownFileType = sourcecode.swift; path = ArrayExtension.swift; sourceTree = "<group>"; };
		BEC6887620543C5F0013965A /* SwiftRater.framework */ = {isa = PBXFileReference; explicitFileType = wrapper.framework; path = SwiftRater.framework; sourceTree = BUILT_PRODUCTS_DIR; };
		BEC6887720543C6B0013965A /* SwiftRaterExtension.swift */ = {isa = PBXFileReference; lastKnownFileType = sourcecode.swift; path = SwiftRaterExtension.swift; sourceTree = "<group>"; };
		BECB0CA620B0D856009E34DA /* DeparturesInterfaceController.swift */ = {isa = PBXFileReference; lastKnownFileType = sourcecode.swift; path = DeparturesInterfaceController.swift; sourceTree = "<group>"; };
		BECB0CA820B0D930009E34DA /* DepartureRowController.swift */ = {isa = PBXFileReference; lastKnownFileType = sourcecode.swift; path = DepartureRowController.swift; sourceTree = "<group>"; };
		BECB0CAD20B0E877009E34DA /* de */ = {isa = PBXFileReference; lastKnownFileType = text.plist.strings; name = de; path = de.lproj/Interface.strings; sourceTree = "<group>"; };
		BECB0CAF20B0E87D009E34DA /* en */ = {isa = PBXFileReference; lastKnownFileType = text.plist.strings; name = en; path = en.lproj/Interface.strings; sourceTree = "<group>"; };
		BEF4854A20B091EA00B93508 /* Station.swift */ = {isa = PBXFileReference; lastKnownFileType = sourcecode.swift; path = Station.swift; sourceTree = "<group>"; };
		BEF4854C20B0930500B93508 /* CSV.swift */ = {isa = PBXFileReference; lastKnownFileType = sourcecode.swift; path = CSV.swift; sourceTree = "<group>"; };
		BEF4855520B0A16B00B93508 /* stations.csv */ = {isa = PBXFileReference; fileEncoding = 4; lastKnownFileType = text; name = stations.csv; path = /Users/philippmatthes/Desktop/manni/manni/stations.csv; sourceTree = "<absolute>"; };
		BEF7C4A120236E8E00FF96E1 /* FoldingCell.framework */ = {isa = PBXFileReference; explicitFileType = wrapper.framework; path = FoldingCell.framework; sourceTree = BUILT_PRODUCTS_DIR; };
		DFB92583DD3E650EAD28A17C /* Pods-manni.debug.xcconfig */ = {isa = PBXFileReference; includeInIndex = 1; lastKnownFileType = text.xcconfig; name = "Pods-manni.debug.xcconfig"; path = "Pods/Target Support Files/Pods-manni/Pods-manni.debug.xcconfig"; sourceTree = "<group>"; };
		EE4A008C5CA4DF5E4863CE00 /* Pods_manni_watch_Extension.framework */ = {isa = PBXFileReference; explicitFileType = wrapper.framework; includeInIndex = 0; path = Pods_manni_watch_Extension.framework; sourceTree = BUILT_PRODUCTS_DIR; };
		F8A571D3F8C2B13565E4313C /* Pods-manni-watch Extension.release.xcconfig */ = {isa = PBXFileReference; includeInIndex = 1; lastKnownFileType = text.xcconfig; name = "Pods-manni-watch Extension.release.xcconfig"; path = "Pods/Target Support Files/Pods-manni-watch Extension/Pods-manni-watch Extension.release.xcconfig"; sourceTree = "<group>"; };
		FA9F918B9C5BA433D3C4950D /* Pods-manni-watch.release.xcconfig */ = {isa = PBXFileReference; includeInIndex = 1; lastKnownFileType = text.xcconfig; name = "Pods-manni-watch.release.xcconfig"; path = "Pods/Target Support Files/Pods-manni-watch/Pods-manni-watch.release.xcconfig"; sourceTree = "<group>"; };
/* End PBXFileReference section */

/* Begin PBXFrameworksBuildPhase section */
		00CF3F043681FD07604673A7 /* Frameworks */ = {
			isa = PBXFrameworksBuildPhase;
			buildActionMask = 2147483647;
			files = (
				7E39EDA2CACF8DC655FA9F5F /* Pods_manni_watch.framework in Frameworks */,
			);
			runOnlyForDeploymentPostprocessing = 0;
		};
		BE2285CB201A389D00C2A7DF /* Frameworks */ = {
			isa = PBXFrameworksBuildPhase;
			buildActionMask = 2147483647;
			files = (
				BEC6887520543C5F0013965A /* SwiftRater.framework in Frameworks */,
				BE8D5CE4202080B60057740A /* BRYXBanner.framework in Frameworks */,
				BE650B51201A425A005D1F32 /* DVB.framework in Frameworks */,
				BE650B52201A425A005D1F32 /* Material.framework in Frameworks */,
				BE650B53201A425A005D1F32 /* Motion.framework in Frameworks */,
				0EA444EB3FF2F9974D5ED5B9 /* Pods_manni.framework in Frameworks */,
			);
			runOnlyForDeploymentPostprocessing = 0;
		};
		BE5DA24720B0607D00E57659 /* Frameworks */ = {
			isa = PBXFrameworksBuildPhase;
			buildActionMask = 2147483647;
			files = (
				BE49759120B0641B00D5148D /* DVB.framework in Frameworks */,
				C28C36362AFDA7C1B5904AF7 /* Pods_manni_watch_Extension.framework in Frameworks */,
			);
			runOnlyForDeploymentPostprocessing = 0;
		};
/* End PBXFrameworksBuildPhase section */

/* Begin PBXGroup section */
		A15B540B0AE544577B3C9CD0 /* Pods */ = {
			isa = PBXGroup;
			children = (
				DFB92583DD3E650EAD28A17C /* Pods-manni.debug.xcconfig */,
				1BADA0BE6BDD8E9A8E44701D /* Pods-manni.release.xcconfig */,
				5540C537CC606CF790B39F8B /* Pods-manni-watch.debug.xcconfig */,
				FA9F918B9C5BA433D3C4950D /* Pods-manni-watch.release.xcconfig */,
				82F5048C4DB35EB25F7C1512 /* Pods-manni-watch Extension.debug.xcconfig */,
				F8A571D3F8C2B13565E4313C /* Pods-manni-watch Extension.release.xcconfig */,
			);
			name = Pods;
			sourceTree = "<group>";
		};
		BE2285C5201A389D00C2A7DF = {
			isa = PBXGroup;
			children = (
				BE0A8A922051250D00B779B9 /* Localizable.strings */,
				BE2285D0201A389D00C2A7DF /* manni */,
				BE5DA23F20B0607C00E57659 /* manni-watch */,
				BE5DA24E20B0607D00E57659 /* manni-watch Extension */,
				BE2285CF201A389D00C2A7DF /* Products */,
				BE650B48201A41B1005D1F32 /* Frameworks */,
				A15B540B0AE544577B3C9CD0 /* Pods */,
			);
			sourceTree = "<group>";
		};
		BE2285CF201A389D00C2A7DF /* Products */ = {
			isa = PBXGroup;
			children = (
				BE2285CE201A389D00C2A7DF /* manni.app */,
				BE5DA23E20B0607C00E57659 /* manni-watch.app */,
				BE5DA24A20B0607D00E57659 /* manni-watch Extension.appex */,
			);
			name = Products;
			sourceTree = "<group>";
		};
		BE2285D0201A389D00C2A7DF /* manni */ = {
			isa = PBXGroup;
			children = (
				BEF4855520B0A16B00B93508 /* stations.csv */,
				BE8D5CE8202097410057740A /* Config.swift */,
				BE59ABF4201B146E003CA1EF /* State.swift */,
				BE8D5CDC20204E930057740A /* Util.swift */,
				BEBEC505202C2F44007617B4 /* Predictor.swift */,
				BEBCE9E9209F0F4300D471DC /* Tools.swift */,
				BEF4854A20B091EA00B93508 /* Station.swift */,
				BEF4854C20B0930500B93508 /* CSV.swift */,
				BE2D05C9202308480064339B /* Model */,
				BE59ABE5201A65D3003CA1EF /* Controllers */,
				BE59ABE4201A65C2003CA1EF /* Extensions */,
				BE59ABE6201A65E2003CA1EF /* UI */,
				BE2285DD201A389D00C2A7DF /* Info.plist */,
				BE2285DA201A389D00C2A7DF /* LaunchScreen.storyboard */,
				BE2285D5201A389D00C2A7DF /* Main.storyboard */,
				BE2285D8201A389D00C2A7DF /* Assets.xcassets */,
			);
			path = manni;
			sourceTree = "<group>";
		};
		BE2D05C9202308480064339B /* Model */ = {
			isa = PBXGroup;
			children = (
				BE2D05C7202308370064339B /* StorableStop.swift */,
				BE593EB72029B1A2008C8EAC /* Prediction.swift */,
			);
			path = Model;
			sourceTree = "<group>";
		};
		BE59ABE4201A65C2003CA1EF /* Extensions */ = {
			isa = PBXGroup;
			children = (
				BEBCE9E3209F0CED00D471DC /* IntExtension.swift */,
				BEBCE9E4209F0CED00D471DC /* UIViewExtension.swift */,
				BEBCE9E7209F0CFF00D471DC /* UserDefaultsExtension.swift */,
				BEBEC530202C646F007617B4 /* ArrayExtension.swift */,
				BEBEC513202C6131007617B4 /* BadgeExtension.swift */,
				BE8D5CE6202081CF0057740A /* BannerExtension.swift */,
				BEBEC50F202C6131007617B4 /* CGSizeExtension.swift */,
				BEBEC518202C6132007617B4 /* CLLocationExtension.swift */,
				BE59ABE7201A76B1003CA1EF /* DateExtension.swift */,
				BEBEC508202C6130007617B4 /* EquatableExtension.swift */,
				BE8D5CE020206AB80057740A /* MapViewExtension.swift */,
				BEBEC50E202C6131007617B4 /* MKCoordinateRegionExtension.swift */,
				BEBEC501202B4618007617B4 /* NavigationItemExtension.swift */,
				BEBEC50D202C6131007617B4 /* OptionalExtension.swift */,
				BEA7613F2027245300D39B15 /* PartialRouteExtension.swift */,
				BE8D5CDE2020605D0057740A /* RouteStopExtension.swift */,
				BEBEC51A202C6132007617B4 /* SFSafariViewControllerExtension.swift */,
				BE593EB120298888008C8EAC /* StopExtension.swift */,
				BE59ABE2201A6528003CA1EF /* UIColorExtension.swift */,
				BEBEC514202C6132007617B4 /* UIControlExtension.swift */,
				BEBEC517202C6132007617B4 /* UIImageExtension.swift */,
				BEBEC50B202C6130007617B4 /* UINaviationBarExtension.swift */,
				BEBEC510202C6131007617B4 /* UITabBarExtension.swift */,
				BE98601F201B2FFB008B4A08 /* UIViewControllerExtension.swift */,
				BEBEC511202C6131007617B4 /* URLExtension.swift */,
				BEC6887720543C6B0013965A /* SwiftRaterExtension.swift */,
				BEBCE9ED20A023E900D471DC /* RefreshControlExtension.swift */,
			);
			path = Extensions;
			sourceTree = "<group>";
		};
		BE59ABE5201A65D3003CA1EF /* Controllers */ = {
			isa = PBXGroup;
			children = (
				BE2285D1201A389D00C2A7DF /* AppDelegate.swift */,
				BE59ABEE201B11E2003CA1EF /* DeparturesController.swift */,
				BE98601D201B2B15008B4A08 /* SearchController.swift */,
				BE090F4F201CD277004C1410 /* DarkBarNavigationController.swift */,
				BE5BABF3201FA15B004C09FB /* LocationController.swift */,
				BE2D05CE20235C8F0064339B /* RouteController.swift */,
				BEA761432027653A00D39B15 /* RouteMapController.swift */,
				BE593EB52029A608008C8EAC /* SettingsController.swift */,
			);
			path = Controllers;
			sourceTree = "<group>";
		};
		BE59ABE6201A65E2003CA1EF /* UI */ = {
			isa = PBXGroup;
			children = (
				BEA761352025E7E300D39B15 /* RouteCell.swift */,
				BEA761392025F6D900D39B15 /* PartialRouteCell.swift */,
				BE59ABE0201A64FE003CA1EF /* Colors.swift */,
				BE59ABDE201A5CD7003CA1EF /* DepartureCell.swift */,
				BE2D05CA20230DA50064339B /* StopCell.swift */,
				BE593EB92029BAFF008C8EAC /* RoutePredictionCell.swift */,
				BEBCE9EB209F16BC00D471DC /* LaterCell.swift */,
			);
			path = UI;
			sourceTree = "<group>";
		};
		BE5DA23F20B0607C00E57659 /* manni-watch */ = {
			isa = PBXGroup;
			children = (
				BE5DA24020B0607C00E57659 /* Interface.storyboard */,
				BE5DA24320B0607D00E57659 /* Assets.xcassets */,
				BE5DA24520B0607D00E57659 /* Info.plist */,
			);
			path = "manni-watch";
			sourceTree = "<group>";
		};
		BE5DA24E20B0607D00E57659 /* manni-watch Extension */ = {
			isa = PBXGroup;
			children = (
				BE5DA25120B0607D00E57659 /* ExtensionDelegate.swift */,
				BE5DA25320B0607D00E57659 /* NotificationController.swift */,
				BE5DA25520B0607E00E57659 /* Assets.xcassets */,
				BE5DA25720B0607E00E57659 /* Info.plist */,
				BE5DA25820B0607E00E57659 /* PushNotificationPayload.apns */,
				BECB0CA520B0D83D009E34DA /* Controllers */,
			);
			path = "manni-watch Extension";
			sourceTree = "<group>";
		};
		BE650B48201A41B1005D1F32 /* Frameworks */ = {
			isa = PBXGroup;
			children = (
				BE49759020B0641B00D5148D /* DVB.framework */,
				BEC6887620543C5F0013965A /* SwiftRater.framework */,
				BEF7C4A120236E8E00FF96E1 /* FoldingCell.framework */,
				BE2D05C6202244F60064339B /* SwiftSVG.framework */,
				BE8D5CE5202080B60057740A /* BRYXBanner.framework */,
				BE59ABF3201B144C003CA1EF /* CSV.framework */,
				BE650B54201A425A005D1F32 /* DVB.framework */,
				BE650B55201A425A005D1F32 /* Material.framework */,
				BE650B56201A425A005D1F32 /* Motion.framework */,
				BE650B4D201A41B1005D1F32 /* DVB.framework */,
				BE650B4E201A41B1005D1F32 /* Material.framework */,
				BE650B4F201A41B1005D1F32 /* Motion.framework */,
				BE650B50201A41B1005D1F32 /* Pods_manni.framework */,
				1B755EA8020BC9A57886C037 /* Pods_manni_watch.framework */,
				EE4A008C5CA4DF5E4863CE00 /* Pods_manni_watch_Extension.framework */,
			);
			name = Frameworks;
			sourceTree = "<group>";
		};
		BECB0CA520B0D83D009E34DA /* Controllers */ = {
			isa = PBXGroup;
			children = (
				BE89CAFA20B06DC300626C37 /* StopRowController.swift */,
				BE4975AC20B06B7900D5148D /* NearbyStopsInterfaceController.swift */,
				BECB0CA620B0D856009E34DA /* DeparturesInterfaceController.swift */,
				BECB0CA820B0D930009E34DA /* DepartureRowController.swift */,
			);
			path = Controllers;
			sourceTree = "<group>";
		};
/* End PBXGroup section */

/* Begin PBXNativeTarget section */
		BE2285CD201A389D00C2A7DF /* manni */ = {
			isa = PBXNativeTarget;
			buildConfigurationList = BE2285E0201A389D00C2A7DF /* Build configuration list for PBXNativeTarget "manni" */;
			buildPhases = (
				F4816E8657AAD73108A6C5F6 /* [CP] Check Pods Manifest.lock */,
				BE2285CA201A389D00C2A7DF /* Sources */,
				BE2285CB201A389D00C2A7DF /* Frameworks */,
				BE2285CC201A389D00C2A7DF /* Resources */,
				F74C063B4F7CA91A7C6C8932 /* [CP] Embed Pods Frameworks */,
				68255C36B3367B2C31178DC8 /* [CP] Copy Pods Resources */,
				BE5DA26320B0607E00E57659 /* Embed Watch Content */,
			);
			buildRules = (
			);
			dependencies = (
				BE5DA25A20B0607E00E57659 /* PBXTargetDependency */,
			);
			name = manni;
			productName = manni;
			productReference = BE2285CE201A389D00C2A7DF /* manni.app */;
			productType = "com.apple.product-type.application";
		};
		BE5DA23D20B0607C00E57659 /* manni-watch */ = {
			isa = PBXNativeTarget;
			buildConfigurationList = BE5DA26220B0607E00E57659 /* Build configuration list for PBXNativeTarget "manni-watch" */;
			buildPhases = (
				1D201B23D0C56926B41BC1A5 /* [CP] Check Pods Manifest.lock */,
				BE5DA23C20B0607C00E57659 /* Resources */,
				BE5DA26120B0607E00E57659 /* Embed App Extensions */,
				00CF3F043681FD07604673A7 /* Frameworks */,
				BB63CA57D177F23F0E8B3C4D /* [CP] Copy Pods Resources */,
			);
			buildRules = (
			);
			dependencies = (
				BE5DA24D20B0607D00E57659 /* PBXTargetDependency */,
			);
			name = "manni-watch";
			productName = "manni-watch";
			productReference = BE5DA23E20B0607C00E57659 /* manni-watch.app */;
			productType = "com.apple.product-type.application.watchapp2";
		};
		BE5DA24920B0607D00E57659 /* manni-watch Extension */ = {
			isa = PBXNativeTarget;
			buildConfigurationList = BE5DA26020B0607E00E57659 /* Build configuration list for PBXNativeTarget "manni-watch Extension" */;
			buildPhases = (
				12047646F4049C2B4541EFF9 /* [CP] Check Pods Manifest.lock */,
				BE5DA24620B0607D00E57659 /* Sources */,
				BE5DA24720B0607D00E57659 /* Frameworks */,
				BE5DA24820B0607D00E57659 /* Resources */,
				D9463A839B747F6683EC2A28 /* [CP] Embed Pods Frameworks */,
				3E5EA70990F26CAAF9BAF13C /* [CP] Copy Pods Resources */,
			);
			buildRules = (
			);
			dependencies = (
			);
			name = "manni-watch Extension";
			productName = "manni-watch Extension";
			productReference = BE5DA24A20B0607D00E57659 /* manni-watch Extension.appex */;
			productType = "com.apple.product-type.watchkit2-extension";
		};
/* End PBXNativeTarget section */

/* Begin PBXProject section */
		BE2285C6201A389D00C2A7DF /* Project object */ = {
			isa = PBXProject;
			attributes = {
				LastSwiftUpdateCheck = 0930;
				LastUpgradeCheck = 0930;
				ORGANIZATIONNAME = "Philipp Matthes";
				TargetAttributes = {
					BE2285CD201A389D00C2A7DF = {
						CreatedOnToolsVersion = 9.2;
						ProvisioningStyle = Automatic;
					};
					BE5DA23D20B0607C00E57659 = {
						CreatedOnToolsVersion = 9.3.1;
						ProvisioningStyle = Automatic;
					};
					BE5DA24920B0607D00E57659 = {
						CreatedOnToolsVersion = 9.3.1;
						ProvisioningStyle = Automatic;
					};
				};
			};
			buildConfigurationList = BE2285C9201A389D00C2A7DF /* Build configuration list for PBXProject "manni" */;
			compatibilityVersion = "Xcode 8.0";
			developmentRegion = en;
			hasScannedForEncodings = 0;
			knownRegions = (
				Base,
				de,
				en,
			);
			mainGroup = BE2285C5201A389D00C2A7DF;
			productRefGroup = BE2285CF201A389D00C2A7DF /* Products */;
			projectDirPath = "";
			projectRoot = "";
			targets = (
				BE2285CD201A389D00C2A7DF /* manni */,
				BE5DA23D20B0607C00E57659 /* manni-watch */,
				BE5DA24920B0607D00E57659 /* manni-watch Extension */,
			);
		};
/* End PBXProject section */

/* Begin PBXResourcesBuildPhase section */
		BE2285CC201A389D00C2A7DF /* Resources */ = {
			isa = PBXResourcesBuildPhase;
			buildActionMask = 2147483647;
			files = (
				BEF4855820B0A27D00B93508 /* stations.csv in Resources */,
				BE2285DC201A389D00C2A7DF /* LaunchScreen.storyboard in Resources */,
				BE0A8A942051250D00B779B9 /* Localizable.strings in Resources */,
				BE2285D9201A389D00C2A7DF /* Assets.xcassets in Resources */,
				BE2285D7201A389D00C2A7DF /* Main.storyboard in Resources */,
			);
			runOnlyForDeploymentPostprocessing = 0;
		};
		BE5DA23C20B0607C00E57659 /* Resources */ = {
			isa = PBXResourcesBuildPhase;
			buildActionMask = 2147483647;
			files = (
				BEF4855720B0A27500B93508 /* stations.csv in Resources */,
				BE5DA24420B0607D00E57659 /* Assets.xcassets in Resources */,
				BE5DA24220B0607C00E57659 /* Interface.storyboard in Resources */,
			);
			runOnlyForDeploymentPostprocessing = 0;
		};
		BE5DA24820B0607D00E57659 /* Resources */ = {
			isa = PBXResourcesBuildPhase;
			buildActionMask = 2147483647;
			files = (
				BEF4855920B0A28500B93508 /* stations.csv in Resources */,
				BECB0CB020B0EA80009E34DA /* Localizable.strings in Resources */,
				BE5DA25620B0607E00E57659 /* Assets.xcassets in Resources */,
			);
			runOnlyForDeploymentPostprocessing = 0;
		};
/* End PBXResourcesBuildPhase section */

/* Begin PBXShellScriptBuildPhase section */
		12047646F4049C2B4541EFF9 /* [CP] Check Pods Manifest.lock */ = {
			isa = PBXShellScriptBuildPhase;
			buildActionMask = 2147483647;
			files = (
			);
			inputPaths = (
				"${PODS_PODFILE_DIR_PATH}/Podfile.lock",
				"${PODS_ROOT}/Manifest.lock",
			);
			name = "[CP] Check Pods Manifest.lock";
			outputPaths = (
				"$(DERIVED_FILE_DIR)/Pods-manni-watch Extension-checkManifestLockResult.txt",
			);
			runOnlyForDeploymentPostprocessing = 0;
			shellPath = /bin/sh;
			shellScript = "diff \"${PODS_PODFILE_DIR_PATH}/Podfile.lock\" \"${PODS_ROOT}/Manifest.lock\" > /dev/null\nif [ $? != 0 ] ; then\n    # print error to STDERR\n    echo \"error: The sandbox is not in sync with the Podfile.lock. Run 'pod install' or update your CocoaPods installation.\" >&2\n    exit 1\nfi\n# This output is used by Xcode 'outputs' to avoid re-running this script phase.\necho \"SUCCESS\" > \"${SCRIPT_OUTPUT_FILE_0}\"\n";
			showEnvVarsInLog = 0;
		};
		1D201B23D0C56926B41BC1A5 /* [CP] Check Pods Manifest.lock */ = {
			isa = PBXShellScriptBuildPhase;
			buildActionMask = 2147483647;
			files = (
			);
			inputPaths = (
				"${PODS_PODFILE_DIR_PATH}/Podfile.lock",
				"${PODS_ROOT}/Manifest.lock",
			);
			name = "[CP] Check Pods Manifest.lock";
			outputPaths = (
				"$(DERIVED_FILE_DIR)/Pods-manni-watch-checkManifestLockResult.txt",
			);
			runOnlyForDeploymentPostprocessing = 0;
			shellPath = /bin/sh;
			shellScript = "diff \"${PODS_PODFILE_DIR_PATH}/Podfile.lock\" \"${PODS_ROOT}/Manifest.lock\" > /dev/null\nif [ $? != 0 ] ; then\n    # print error to STDERR\n    echo \"error: The sandbox is not in sync with the Podfile.lock. Run 'pod install' or update your CocoaPods installation.\" >&2\n    exit 1\nfi\n# This output is used by Xcode 'outputs' to avoid re-running this script phase.\necho \"SUCCESS\" > \"${SCRIPT_OUTPUT_FILE_0}\"\n";
			showEnvVarsInLog = 0;
		};
		3E5EA70990F26CAAF9BAF13C /* [CP] Copy Pods Resources */ = {
			isa = PBXShellScriptBuildPhase;
			buildActionMask = 2147483647;
			files = (
			);
			inputPaths = (
			);
			name = "[CP] Copy Pods Resources";
			outputPaths = (
			);
			runOnlyForDeploymentPostprocessing = 0;
			shellPath = /bin/sh;
			shellScript = "\"${SRCROOT}/Pods/Target Support Files/Pods-manni-watch Extension/Pods-manni-watch Extension-resources.sh\"\n";
			showEnvVarsInLog = 0;
		};
		68255C36B3367B2C31178DC8 /* [CP] Copy Pods Resources */ = {
			isa = PBXShellScriptBuildPhase;
			buildActionMask = 2147483647;
			files = (
			);
			inputPaths = (
			);
			name = "[CP] Copy Pods Resources";
			outputPaths = (
			);
			runOnlyForDeploymentPostprocessing = 0;
			shellPath = /bin/sh;
			shellScript = "\"${SRCROOT}/Pods/Target Support Files/Pods-manni/Pods-manni-resources.sh\"\n";
			showEnvVarsInLog = 0;
		};
		BB63CA57D177F23F0E8B3C4D /* [CP] Copy Pods Resources */ = {
			isa = PBXShellScriptBuildPhase;
			buildActionMask = 2147483647;
			files = (
			);
			inputPaths = (
			);
			name = "[CP] Copy Pods Resources";
			outputPaths = (
			);
			runOnlyForDeploymentPostprocessing = 0;
			shellPath = /bin/sh;
			shellScript = "\"${SRCROOT}/Pods/Target Support Files/Pods-manni-watch/Pods-manni-watch-resources.sh\"\n";
			showEnvVarsInLog = 0;
		};
		D9463A839B747F6683EC2A28 /* [CP] Embed Pods Frameworks */ = {
			isa = PBXShellScriptBuildPhase;
			buildActionMask = 2147483647;
			files = (
			);
			inputPaths = (
				"${SRCROOT}/Pods/Target Support Files/Pods-manni-watch Extension/Pods-manni-watch Extension-frameworks.sh",
				"${BUILT_PRODUCTS_DIR}/DVB-watchOS/DVB.framework",
			);
			name = "[CP] Embed Pods Frameworks";
			outputPaths = (
				"${TARGET_BUILD_DIR}/${FRAMEWORKS_FOLDER_PATH}/DVB.framework",
			);
			runOnlyForDeploymentPostprocessing = 0;
			shellPath = /bin/sh;
			shellScript = "\"${SRCROOT}/Pods/Target Support Files/Pods-manni-watch Extension/Pods-manni-watch Extension-frameworks.sh\"\n";
			showEnvVarsInLog = 0;
		};
		F4816E8657AAD73108A6C5F6 /* [CP] Check Pods Manifest.lock */ = {
			isa = PBXShellScriptBuildPhase;
			buildActionMask = 2147483647;
			files = (
			);
			inputPaths = (
				"${PODS_PODFILE_DIR_PATH}/Podfile.lock",
				"${PODS_ROOT}/Manifest.lock",
			);
			name = "[CP] Check Pods Manifest.lock";
			outputPaths = (
				"$(DERIVED_FILE_DIR)/Pods-manni-checkManifestLockResult.txt",
			);
			runOnlyForDeploymentPostprocessing = 0;
			shellPath = /bin/sh;
			shellScript = "diff \"${PODS_PODFILE_DIR_PATH}/Podfile.lock\" \"${PODS_ROOT}/Manifest.lock\" > /dev/null\nif [ $? != 0 ] ; then\n    # print error to STDERR\n    echo \"error: The sandbox is not in sync with the Podfile.lock. Run 'pod install' or update your CocoaPods installation.\" >&2\n    exit 1\nfi\n# This output is used by Xcode 'outputs' to avoid re-running this script phase.\necho \"SUCCESS\" > \"${SCRIPT_OUTPUT_FILE_0}\"\n";
			showEnvVarsInLog = 0;
		};
		F74C063B4F7CA91A7C6C8932 /* [CP] Embed Pods Frameworks */ = {
			isa = PBXShellScriptBuildPhase;
			buildActionMask = 2147483647;
			files = (
			);
			inputPaths = (
				"${SRCROOT}/Pods/Target Support Files/Pods-manni/Pods-manni-frameworks.sh",
				"${BUILT_PRODUCTS_DIR}/BRYXBanner/BRYXBanner.framework",
				"${BUILT_PRODUCTS_DIR}/DVB-iOS/DVB.framework",
				"${BUILT_PRODUCTS_DIR}/Material/Material.framework",
				"${BUILT_PRODUCTS_DIR}/Motion/Motion.framework",
				"${BUILT_PRODUCTS_DIR}/SwiftRater/SwiftRater.framework",
			);
			name = "[CP] Embed Pods Frameworks";
			outputPaths = (
				"${TARGET_BUILD_DIR}/${FRAMEWORKS_FOLDER_PATH}/BRYXBanner.framework",
				"${TARGET_BUILD_DIR}/${FRAMEWORKS_FOLDER_PATH}/DVB.framework",
				"${TARGET_BUILD_DIR}/${FRAMEWORKS_FOLDER_PATH}/Material.framework",
				"${TARGET_BUILD_DIR}/${FRAMEWORKS_FOLDER_PATH}/Motion.framework",
				"${TARGET_BUILD_DIR}/${FRAMEWORKS_FOLDER_PATH}/SwiftRater.framework",
			);
			runOnlyForDeploymentPostprocessing = 0;
			shellPath = /bin/sh;
			shellScript = "\"${SRCROOT}/Pods/Target Support Files/Pods-manni/Pods-manni-frameworks.sh\"\n";
			showEnvVarsInLog = 0;
		};
/* End PBXShellScriptBuildPhase section */

/* Begin PBXSourcesBuildPhase section */
		BE2285CA201A389D00C2A7DF /* Sources */ = {
			isa = PBXSourcesBuildPhase;
			buildActionMask = 2147483647;
			files = (
				BEA761362025E7E300D39B15 /* RouteCell.swift in Sources */,
				BE5BABF4201FA15B004C09FB /* LocationController.swift in Sources */,
				BE59ABEF201B11E2003CA1EF /* DeparturesController.swift in Sources */,
				BE986020201B2FFB008B4A08 /* UIViewControllerExtension.swift in Sources */,
				BEBEC506202C2F44007617B4 /* Predictor.swift in Sources */,
				BEBCE9E5209F0CEE00D471DC /* IntExtension.swift in Sources */,
				BEBEC523202C6133007617B4 /* CGSizeExtension.swift in Sources */,
				BE59ABE8201A76B1003CA1EF /* DateExtension.swift in Sources */,
				BEBEC528202C6133007617B4 /* UIControlExtension.swift in Sources */,
				BE8D5CDD20204E930057740A /* Util.swift in Sources */,
				BE8D5CE7202081CF0057740A /* BannerExtension.swift in Sources */,
				BEBCE9EA209F0F4300D471DC /* Tools.swift in Sources */,
				BEBCE9EE20A023E900D471DC /* RefreshControlExtension.swift in Sources */,
				BEA761402027245300D39B15 /* PartialRouteExtension.swift in Sources */,
				BE593EB220298888008C8EAC /* StopExtension.swift in Sources */,
				BEC6887820543C6B0013965A /* SwiftRaterExtension.swift in Sources */,
				BEBCE9E8209F0CFF00D471DC /* UserDefaultsExtension.swift in Sources */,
				BEBEC527202C6133007617B4 /* BadgeExtension.swift in Sources */,
				BEBCE9E6209F0CEE00D471DC /* UIViewExtension.swift in Sources */,
				BEA7613A2025F6D900D39B15 /* PartialRouteCell.swift in Sources */,
				BEBEC524202C6133007617B4 /* UITabBarExtension.swift in Sources */,
				BEBEC51F202C6133007617B4 /* UINaviationBarExtension.swift in Sources */,
				BEBEC531202C647D007617B4 /* ArrayExtension.swift in Sources */,
				BEBEC502202B4618007617B4 /* NavigationItemExtension.swift in Sources */,
				BE090F50201CD277004C1410 /* DarkBarNavigationController.swift in Sources */,
				BE8D5CDF2020605D0057740A /* RouteStopExtension.swift in Sources */,
				BEBEC521202C6133007617B4 /* OptionalExtension.swift in Sources */,
				BE59ABE1201A64FE003CA1EF /* Colors.swift in Sources */,
				BE593EBA2029BAFF008C8EAC /* RoutePredictionCell.swift in Sources */,
				BE98601E201B2B15008B4A08 /* SearchController.swift in Sources */,
				BEBEC522202C6133007617B4 /* MKCoordinateRegionExtension.swift in Sources */,
				BE8D5CE120206AB80057740A /* MapViewExtension.swift in Sources */,
				BEBEC51C202C6133007617B4 /* EquatableExtension.swift in Sources */,
				BE2D05CB20230DA50064339B /* StopCell.swift in Sources */,
				BEBEC52B202C6133007617B4 /* UIImageExtension.swift in Sources */,
				BEBCE9EC209F16BC00D471DC /* LaterCell.swift in Sources */,
				BEA761442027653A00D39B15 /* RouteMapController.swift in Sources */,
				BE2D05C2202235BB0064339B /* DepartureCell.swift in Sources */,
				BE59ABE3201A6528003CA1EF /* UIColorExtension.swift in Sources */,
				BE2D05C8202308370064339B /* StorableStop.swift in Sources */,
				BE2D05CF20235C8F0064339B /* RouteController.swift in Sources */,
				BEBEC525202C6133007617B4 /* URLExtension.swift in Sources */,
				BE8D5CE9202097410057740A /* Config.swift in Sources */,
				BEF4854B20B091EA00B93508 /* Station.swift in Sources */,
				BEBEC52C202C6133007617B4 /* CLLocationExtension.swift in Sources */,
				BE593EB82029B1A2008C8EAC /* Prediction.swift in Sources */,
				BE593EB62029A608008C8EAC /* SettingsController.swift in Sources */,
				BEF4854D20B0930500B93508 /* CSV.swift in Sources */,
				BEBEC52E202C6133007617B4 /* SFSafariViewControllerExtension.swift in Sources */,
				BE59ABF5201B146E003CA1EF /* State.swift in Sources */,
				BE2285D2201A389D00C2A7DF /* AppDelegate.swift in Sources */,
			);
			runOnlyForDeploymentPostprocessing = 0;
		};
		BE5DA24620B0607D00E57659 /* Sources */ = {
			isa = PBXSourcesBuildPhase;
			buildActionMask = 2147483647;
			files = (
				BE5DA25420B0607D00E57659 /* NotificationController.swift in Sources */,
				BECB0CAA20B0E2F9009E34DA /* DateExtension.swift in Sources */,
				BECB0CA920B0D930009E34DA /* DepartureRowController.swift in Sources */,
				BEF4854520B0837200B93508 /* Colors.swift in Sources */,
				BEF4854E20B09DF500B93508 /* Station.swift in Sources */,
				BECB0CA720B0D856009E34DA /* DeparturesInterfaceController.swift in Sources */,
				BECB0CAB20B0E345009E34DA /* Config.swift in Sources */,
				BEF4854720B084C200B93508 /* IntExtension.swift in Sources */,
				BE5DA25220B0607D00E57659 /* ExtensionDelegate.swift in Sources */,
				BEF4854F20B09DF700B93508 /* CSV.swift in Sources */,
				BE89CAFB20B06DC300626C37 /* StopRowController.swift in Sources */,
				BE4975AD20B06B7900D5148D /* NearbyStopsInterfaceController.swift in Sources */,
				BEF4854620B084BC00B93508 /* UIColorExtension.swift in Sources */,
			);
			runOnlyForDeploymentPostprocessing = 0;
		};
/* End PBXSourcesBuildPhase section */

/* Begin PBXTargetDependency section */
		BE5DA24D20B0607D00E57659 /* PBXTargetDependency */ = {
			isa = PBXTargetDependency;
			target = BE5DA24920B0607D00E57659 /* manni-watch Extension */;
			targetProxy = BE5DA24C20B0607D00E57659 /* PBXContainerItemProxy */;
		};
		BE5DA25A20B0607E00E57659 /* PBXTargetDependency */ = {
			isa = PBXTargetDependency;
			target = BE5DA23D20B0607C00E57659 /* manni-watch */;
			targetProxy = BE5DA25920B0607E00E57659 /* PBXContainerItemProxy */;
		};
/* End PBXTargetDependency section */

/* Begin PBXVariantGroup section */
		BE0A8A922051250D00B779B9 /* Localizable.strings */ = {
			isa = PBXVariantGroup;
			children = (
				BE0A8A932051250D00B779B9 /* de */,
				BE0A8A972051251E00B779B9 /* en */,
			);
			name = Localizable.strings;
			sourceTree = "<group>";
		};
		BE2285D5201A389D00C2A7DF /* Main.storyboard */ = {
			isa = PBXVariantGroup;
			children = (
				BE2285D6201A389D00C2A7DF /* Base */,
				BE0A8A8D20511CA900B779B9 /* de */,
				BE0A8A962051251E00B779B9 /* en */,
			);
			name = Main.storyboard;
			sourceTree = "<group>";
		};
		BE2285DA201A389D00C2A7DF /* LaunchScreen.storyboard */ = {
			isa = PBXVariantGroup;
			children = (
				BE2285DB201A389D00C2A7DF /* Base */,
				BE0A8A8C20511CA900B779B9 /* de */,
				BE0A8A952051251E00B779B9 /* en */,
			);
			name = LaunchScreen.storyboard;
			sourceTree = "<group>";
		};
		BE5DA24020B0607C00E57659 /* Interface.storyboard */ = {
			isa = PBXVariantGroup;
			children = (
				BE5DA24120B0607C00E57659 /* Base */,
				BECB0CAD20B0E877009E34DA /* de */,
				BECB0CAF20B0E87D009E34DA /* en */,
			);
			name = Interface.storyboard;
			sourceTree = "<group>";
		};
/* End PBXVariantGroup section */

/* Begin XCBuildConfiguration section */
		BE2285DE201A389D00C2A7DF /* Debug */ = {
			isa = XCBuildConfiguration;
			buildSettings = {
				ALWAYS_SEARCH_USER_PATHS = NO;
				CLANG_ANALYZER_LOCALIZABILITY_NONLOCALIZED = YES;
				CLANG_ANALYZER_NONNULL = YES;
				CLANG_ANALYZER_NUMBER_OBJECT_CONVERSION = YES_AGGRESSIVE;
				CLANG_CXX_LANGUAGE_STANDARD = "gnu++14";
				CLANG_CXX_LIBRARY = "libc++";
				CLANG_ENABLE_MODULES = YES;
				CLANG_ENABLE_OBJC_ARC = YES;
				CLANG_WARN_BLOCK_CAPTURE_AUTORELEASING = YES;
				CLANG_WARN_BOOL_CONVERSION = YES;
				CLANG_WARN_COMMA = YES;
				CLANG_WARN_CONSTANT_CONVERSION = YES;
				CLANG_WARN_DEPRECATED_OBJC_IMPLEMENTATIONS = YES;
				CLANG_WARN_DIRECT_OBJC_ISA_USAGE = YES_ERROR;
				CLANG_WARN_DOCUMENTATION_COMMENTS = YES;
				CLANG_WARN_EMPTY_BODY = YES;
				CLANG_WARN_ENUM_CONVERSION = YES;
				CLANG_WARN_INFINITE_RECURSION = YES;
				CLANG_WARN_INT_CONVERSION = YES;
				CLANG_WARN_NON_LITERAL_NULL_CONVERSION = YES;
				CLANG_WARN_OBJC_IMPLICIT_RETAIN_SELF = YES;
				CLANG_WARN_OBJC_LITERAL_CONVERSION = YES;
				CLANG_WARN_OBJC_ROOT_CLASS = YES_ERROR;
				CLANG_WARN_RANGE_LOOP_ANALYSIS = YES;
				CLANG_WARN_STRICT_PROTOTYPES = YES;
				CLANG_WARN_SUSPICIOUS_MOVE = YES;
				CLANG_WARN_UNGUARDED_AVAILABILITY = YES_AGGRESSIVE;
				CLANG_WARN_UNREACHABLE_CODE = YES;
				CLANG_WARN__DUPLICATE_METHOD_MATCH = YES;
				CODE_SIGN_IDENTITY = "iPhone Developer";
				COPY_PHASE_STRIP = NO;
				DEBUG_INFORMATION_FORMAT = dwarf;
				ENABLE_STRICT_OBJC_MSGSEND = YES;
				ENABLE_TESTABILITY = YES;
				GCC_C_LANGUAGE_STANDARD = gnu11;
				GCC_DYNAMIC_NO_PIC = NO;
				GCC_NO_COMMON_BLOCKS = YES;
				GCC_OPTIMIZATION_LEVEL = 0;
				GCC_PREPROCESSOR_DEFINITIONS = (
					"DEBUG=1",
					"$(inherited)",
				);
				GCC_WARN_64_TO_32_BIT_CONVERSION = YES;
				GCC_WARN_ABOUT_RETURN_TYPE = YES_ERROR;
				GCC_WARN_UNDECLARED_SELECTOR = YES;
				GCC_WARN_UNINITIALIZED_AUTOS = YES_AGGRESSIVE;
				GCC_WARN_UNUSED_FUNCTION = YES;
				GCC_WARN_UNUSED_VARIABLE = YES;
				IPHONEOS_DEPLOYMENT_TARGET = 9.0;
				MTL_ENABLE_DEBUG_INFO = YES;
				ONLY_ACTIVE_ARCH = YES;
				SDKROOT = iphoneos;
				SWIFT_ACTIVE_COMPILATION_CONDITIONS = DEBUG;
				SWIFT_OPTIMIZATION_LEVEL = "-Onone";
			};
			name = Debug;
		};
		BE2285DF201A389D00C2A7DF /* Release */ = {
			isa = XCBuildConfiguration;
			buildSettings = {
				ALWAYS_SEARCH_USER_PATHS = NO;
				CLANG_ANALYZER_LOCALIZABILITY_NONLOCALIZED = YES;
				CLANG_ANALYZER_NONNULL = YES;
				CLANG_ANALYZER_NUMBER_OBJECT_CONVERSION = YES_AGGRESSIVE;
				CLANG_CXX_LANGUAGE_STANDARD = "gnu++14";
				CLANG_CXX_LIBRARY = "libc++";
				CLANG_ENABLE_MODULES = YES;
				CLANG_ENABLE_OBJC_ARC = YES;
				CLANG_WARN_BLOCK_CAPTURE_AUTORELEASING = YES;
				CLANG_WARN_BOOL_CONVERSION = YES;
				CLANG_WARN_COMMA = YES;
				CLANG_WARN_CONSTANT_CONVERSION = YES;
				CLANG_WARN_DEPRECATED_OBJC_IMPLEMENTATIONS = YES;
				CLANG_WARN_DIRECT_OBJC_ISA_USAGE = YES_ERROR;
				CLANG_WARN_DOCUMENTATION_COMMENTS = YES;
				CLANG_WARN_EMPTY_BODY = YES;
				CLANG_WARN_ENUM_CONVERSION = YES;
				CLANG_WARN_INFINITE_RECURSION = YES;
				CLANG_WARN_INT_CONVERSION = YES;
				CLANG_WARN_NON_LITERAL_NULL_CONVERSION = YES;
				CLANG_WARN_OBJC_IMPLICIT_RETAIN_SELF = YES;
				CLANG_WARN_OBJC_LITERAL_CONVERSION = YES;
				CLANG_WARN_OBJC_ROOT_CLASS = YES_ERROR;
				CLANG_WARN_RANGE_LOOP_ANALYSIS = YES;
				CLANG_WARN_STRICT_PROTOTYPES = YES;
				CLANG_WARN_SUSPICIOUS_MOVE = YES;
				CLANG_WARN_UNGUARDED_AVAILABILITY = YES_AGGRESSIVE;
				CLANG_WARN_UNREACHABLE_CODE = YES;
				CLANG_WARN__DUPLICATE_METHOD_MATCH = YES;
				CODE_SIGN_IDENTITY = "iPhone Developer";
				COPY_PHASE_STRIP = NO;
				DEBUG_INFORMATION_FORMAT = "dwarf-with-dsym";
				ENABLE_NS_ASSERTIONS = NO;
				ENABLE_STRICT_OBJC_MSGSEND = YES;
				GCC_C_LANGUAGE_STANDARD = gnu11;
				GCC_NO_COMMON_BLOCKS = YES;
				GCC_WARN_64_TO_32_BIT_CONVERSION = YES;
				GCC_WARN_ABOUT_RETURN_TYPE = YES_ERROR;
				GCC_WARN_UNDECLARED_SELECTOR = YES;
				GCC_WARN_UNINITIALIZED_AUTOS = YES_AGGRESSIVE;
				GCC_WARN_UNUSED_FUNCTION = YES;
				GCC_WARN_UNUSED_VARIABLE = YES;
				IPHONEOS_DEPLOYMENT_TARGET = 9.0;
				MTL_ENABLE_DEBUG_INFO = NO;
				SDKROOT = iphoneos;
				SWIFT_OPTIMIZATION_LEVEL = "-Owholemodule";
				VALIDATE_PRODUCT = YES;
			};
			name = Release;
		};
		BE2285E1201A389D00C2A7DF /* Debug */ = {
			isa = XCBuildConfiguration;
			baseConfigurationReference = DFB92583DD3E650EAD28A17C /* Pods-manni.debug.xcconfig */;
			buildSettings = {
				ASSETCATALOG_COMPILER_APPICON_NAME = AppIcon;
				CODE_SIGN_STYLE = Automatic;
				DEVELOPMENT_TEAM = S36925NV4E;
				INFOPLIST_FILE = manni/Info.plist;
				IPHONEOS_DEPLOYMENT_TARGET = 9.0;
				LD_RUNPATH_SEARCH_PATHS = "$(inherited) @executable_path/Frameworks";
				PRODUCT_BUNDLE_IDENTIFIER = com.philippmatthes.manni;
				PRODUCT_NAME = "$(TARGET_NAME)";
				SWIFT_VERSION = 4.0;
				TARGETED_DEVICE_FAMILY = "1,2";
			};
			name = Debug;
		};
		BE2285E2201A389D00C2A7DF /* Release */ = {
			isa = XCBuildConfiguration;
			baseConfigurationReference = 1BADA0BE6BDD8E9A8E44701D /* Pods-manni.release.xcconfig */;
			buildSettings = {
				ASSETCATALOG_COMPILER_APPICON_NAME = AppIcon;
				CODE_SIGN_STYLE = Automatic;
				DEVELOPMENT_TEAM = S36925NV4E;
				INFOPLIST_FILE = manni/Info.plist;
				IPHONEOS_DEPLOYMENT_TARGET = 9.0;
				LD_RUNPATH_SEARCH_PATHS = "$(inherited) @executable_path/Frameworks";
				PRODUCT_BUNDLE_IDENTIFIER = com.philippmatthes.manni;
				PRODUCT_NAME = "$(TARGET_NAME)";
				SWIFT_VERSION = 4.0;
				TARGETED_DEVICE_FAMILY = "1,2";
			};
			name = Release;
		};
		BE5DA25C20B0607E00E57659 /* Debug */ = {
			isa = XCBuildConfiguration;
			baseConfigurationReference = 5540C537CC606CF790B39F8B /* Pods-manni-watch.debug.xcconfig */;
			buildSettings = {
				ALWAYS_EMBED_SWIFT_STANDARD_LIBRARIES = NO;
				ASSETCATALOG_COMPILER_APPICON_NAME = AppIcon;
				CLANG_ENABLE_OBJC_WEAK = YES;
				CLANG_WARN_DEPRECATED_OBJC_IMPLEMENTATIONS = YES;
				CLANG_WARN_OBJC_IMPLICIT_RETAIN_SELF = YES;
				CODE_SIGN_STYLE = Automatic;
				DEVELOPMENT_TEAM = S36925NV4E;
				IBSC_MODULE = manni_watch_Extension;
				INFOPLIST_FILE = "manni-watch/Info.plist";
				PRODUCT_BUNDLE_IDENTIFIER = com.philippmatthes.manni.watchkitapp;
				PRODUCT_NAME = "$(TARGET_NAME)";
				SDKROOT = watchos;
				SKIP_INSTALL = YES;
				SWIFT_VERSION = 4.0;
				TARGETED_DEVICE_FAMILY = 4;
				WATCHOS_DEPLOYMENT_TARGET = 4.0;
			};
			name = Debug;
		};
		BE5DA25D20B0607E00E57659 /* Release */ = {
			isa = XCBuildConfiguration;
			baseConfigurationReference = FA9F918B9C5BA433D3C4950D /* Pods-manni-watch.release.xcconfig */;
			buildSettings = {
				ALWAYS_EMBED_SWIFT_STANDARD_LIBRARIES = NO;
				ASSETCATALOG_COMPILER_APPICON_NAME = AppIcon;
				CLANG_ENABLE_OBJC_WEAK = YES;
				CLANG_WARN_DEPRECATED_OBJC_IMPLEMENTATIONS = YES;
				CLANG_WARN_OBJC_IMPLICIT_RETAIN_SELF = YES;
				CODE_SIGN_STYLE = Automatic;
				DEVELOPMENT_TEAM = S36925NV4E;
				IBSC_MODULE = manni_watch_Extension;
				INFOPLIST_FILE = "manni-watch/Info.plist";
				PRODUCT_BUNDLE_IDENTIFIER = com.philippmatthes.manni.watchkitapp;
				PRODUCT_NAME = "$(TARGET_NAME)";
				SDKROOT = watchos;
				SKIP_INSTALL = YES;
				SWIFT_VERSION = 4.0;
				TARGETED_DEVICE_FAMILY = 4;
				WATCHOS_DEPLOYMENT_TARGET = 4.0;
			};
			name = Release;
		};
		BE5DA25E20B0607E00E57659 /* Debug */ = {
			isa = XCBuildConfiguration;
			baseConfigurationReference = 82F5048C4DB35EB25F7C1512 /* Pods-manni-watch Extension.debug.xcconfig */;
			buildSettings = {
				ASSETCATALOG_COMPILER_COMPLICATION_NAME = Complication;
				CLANG_ENABLE_OBJC_WEAK = YES;
				CLANG_WARN_DEPRECATED_OBJC_IMPLEMENTATIONS = YES;
				CLANG_WARN_OBJC_IMPLICIT_RETAIN_SELF = YES;
				CODE_SIGN_STYLE = Automatic;
				DEVELOPMENT_TEAM = S36925NV4E;
				INFOPLIST_FILE = "manni-watch Extension/Info.plist";
				LD_RUNPATH_SEARCH_PATHS = "$(inherited) @executable_path/Frameworks @executable_path/../../Frameworks";
				PRODUCT_BUNDLE_IDENTIFIER = com.philippmatthes.manni.watchkitapp.watchkitextension;
				PRODUCT_NAME = "${TARGET_NAME}";
				SDKROOT = watchos;
				SKIP_INSTALL = YES;
				SWIFT_VERSION = 4.0;
				TARGETED_DEVICE_FAMILY = 4;
				WATCHOS_DEPLOYMENT_TARGET = 4.0;
			};
			name = Debug;
		};
		BE5DA25F20B0607E00E57659 /* Release */ = {
			isa = XCBuildConfiguration;
			baseConfigurationReference = F8A571D3F8C2B13565E4313C /* Pods-manni-watch Extension.release.xcconfig */;
			buildSettings = {
				ASSETCATALOG_COMPILER_COMPLICATION_NAME = Complication;
				CLANG_ENABLE_OBJC_WEAK = YES;
				CLANG_WARN_DEPRECATED_OBJC_IMPLEMENTATIONS = YES;
				CLANG_WARN_OBJC_IMPLICIT_RETAIN_SELF = YES;
				CODE_SIGN_STYLE = Automatic;
				DEVELOPMENT_TEAM = S36925NV4E;
				INFOPLIST_FILE = "manni-watch Extension/Info.plist";
				LD_RUNPATH_SEARCH_PATHS = "$(inherited) @executable_path/Frameworks @executable_path/../../Frameworks";
				PRODUCT_BUNDLE_IDENTIFIER = com.philippmatthes.manni.watchkitapp.watchkitextension;
				PRODUCT_NAME = "${TARGET_NAME}";
				SDKROOT = watchos;
				SKIP_INSTALL = YES;
				SWIFT_VERSION = 4.0;
				TARGETED_DEVICE_FAMILY = 4;
				WATCHOS_DEPLOYMENT_TARGET = 4.0;
			};
			name = Release;
		};
/* End XCBuildConfiguration section */

/* Begin XCConfigurationList section */
		BE2285C9201A389D00C2A7DF /* Build configuration list for PBXProject "manni" */ = {
			isa = XCConfigurationList;
			buildConfigurations = (
				BE2285DE201A389D00C2A7DF /* Debug */,
				BE2285DF201A389D00C2A7DF /* Release */,
			);
			defaultConfigurationIsVisible = 0;
			defaultConfigurationName = Release;
		};
		BE2285E0201A389D00C2A7DF /* Build configuration list for PBXNativeTarget "manni" */ = {
			isa = XCConfigurationList;
			buildConfigurations = (
				BE2285E1201A389D00C2A7DF /* Debug */,
				BE2285E2201A389D00C2A7DF /* Release */,
			);
			defaultConfigurationIsVisible = 0;
			defaultConfigurationName = Release;
		};
		BE5DA26020B0607E00E57659 /* Build configuration list for PBXNativeTarget "manni-watch Extension" */ = {
			isa = XCConfigurationList;
			buildConfigurations = (
				BE5DA25E20B0607E00E57659 /* Debug */,
				BE5DA25F20B0607E00E57659 /* Release */,
			);
			defaultConfigurationIsVisible = 0;
			defaultConfigurationName = Release;
		};
		BE5DA26220B0607E00E57659 /* Build configuration list for PBXNativeTarget "manni-watch" */ = {
			isa = XCConfigurationList;
			buildConfigurations = (
				BE5DA25C20B0607E00E57659 /* Debug */,
				BE5DA25D20B0607E00E57659 /* Release */,
			);
			defaultConfigurationIsVisible = 0;
			defaultConfigurationName = Release;
		};
/* End XCConfigurationList section */
	};
	rootObject = BE2285C6201A389D00C2A7DF /* Project object */;
}
