// !$*UTF8*$!
{
	archiveVersion = 1;
	classes = {
	};
	objectVersion = 50;
	objects = {

/* Begin PBXBuildFile section */
		601F991BF36BE67B31FCCE42 /* Pods_manni_ios.framework in Frameworks */ = {isa = PBXBuildFile; fileRef = 2D4BBB96EF853D7F691F3047 /* Pods_manni_ios.framework */; };
		BE02038823E82D2E00E7D5DC /* UIColor+Tools.swift in Sources */ = {isa = PBXBuildFile; fileRef = BE02038723E82D2E00E7D5DC /* UIColor+Tools.swift */; };
		BE02038B23E835E800E7D5DC /* DepartureCollectionViewCell.swift in Sources */ = {isa = PBXBuildFile; fileRef = BE02038A23E835E800E7D5DC /* DepartureCollectionViewCell.swift */; };
		BE02038D23E83FEE00E7D5DC /* DVB+UIColor.swift in Sources */ = {isa = PBXBuildFile; fileRef = BE02038C23E83FEE00E7D5DC /* DVB+UIColor.swift */; };
		BE02039123E8597C00E7D5DC /* SkeuomorphismIconButton.swift in Sources */ = {isa = PBXBuildFile; fileRef = BE02039023E8597C00E7D5DC /* SkeuomorphismIconButton.swift */; };
		BE0D0DEB23F1C168003DB75A /* DVB+ManniETA.swift in Sources */ = {isa = PBXBuildFile; fileRef = BE0D0DEA23F1C168003DB75A /* DVB+ManniETA.swift */; };
		BE0D0DED23F1DC77003DB75A /* TripView.swift in Sources */ = {isa = PBXBuildFile; fileRef = BE0D0DEC23F1DC77003DB75A /* TripView.swift */; };
		BE0D0DF023F1DD49003DB75A /* TripTableViewCell.swift in Sources */ = {isa = PBXBuildFile; fileRef = BE0D0DEF23F1DD49003DB75A /* TripTableViewCell.swift */; };
		BE0D0DF223F1DEFF003DB75A /* VerticalProgressBarView.swift in Sources */ = {isa = PBXBuildFile; fileRef = BE0D0DF123F1DEFF003DB75A /* VerticalProgressBarView.swift */; };
		BE20DA4D240FFDC100A9996F /* ProgrammaticDismissDelegate.swift in Sources */ = {isa = PBXBuildFile; fileRef = BE20DA4C240FFDC100A9996F /* ProgrammaticDismissDelegate.swift */; };
		BE3A574A2406C44C0059E2DA /* StopItemProvider.swift in Sources */ = {isa = PBXBuildFile; fileRef = BE3A57492406C44C0059E2DA /* StopItemProvider.swift */; };
		BE3A574C2406D0EF0059E2DA /* RouteStopInputView.swift in Sources */ = {isa = PBXBuildFile; fileRef = BE3A574B2406D0EF0059E2DA /* RouteStopInputView.swift */; };
		BE5AABFB23E756A9006EE1BD /* SearchController.swift in Sources */ = {isa = PBXBuildFile; fileRef = BE5AABFA23E756A9006EE1BD /* SearchController.swift */; };
		BE6213F923E76EAA00FD638E /* StopTableViewCell.swift in Sources */ = {isa = PBXBuildFile; fileRef = BE6213F823E76EAA00FD638E /* StopTableViewCell.swift */; };
		BE62CCB623EEFC7C00B9469E /* SuggestionInformationController.swift in Sources */ = {isa = PBXBuildFile; fileRef = BE62CCB523EEFC7C00B9469E /* SuggestionInformationController.swift */; };
		BE62CCB823EF207D00B9469E /* Mode+Icon.swift in Sources */ = {isa = PBXBuildFile; fileRef = BE62CCB723EF207D00B9469E /* Mode+Icon.swift */; };
		BE63EFD823E882480019C792 /* DeparturesController.swift in Sources */ = {isa = PBXBuildFile; fileRef = BE63EFD723E882480019C792 /* DeparturesController.swift */; };
		BE69C2502409831F00C036D3 /* ModeChainCollectionViewCell.swift in Sources */ = {isa = PBXBuildFile; fileRef = BE69C24F2409831F00C036D3 /* ModeChainCollectionViewCell.swift */; };
		BE69C254240A88B200C036D3 /* RoutesController.swift in Sources */ = {isa = PBXBuildFile; fileRef = BE69C253240A88B200C036D3 /* RoutesController.swift */; };
		BE69C256240A97F600C036D3 /* RoutesOverlayContainerController.swift in Sources */ = {isa = PBXBuildFile; fileRef = BE69C255240A97F600C036D3 /* RoutesOverlayContainerController.swift */; };
		BE69C25A240AA08300C036D3 /* UIViewController+Pinning.swift in Sources */ = {isa = PBXBuildFile; fileRef = BE69C259240AA08300C036D3 /* UIViewController+Pinning.swift */; };
		BE69C25C240B995000C036D3 /* LoadingView.swift in Sources */ = {isa = PBXBuildFile; fileRef = BE69C25B240B995000C036D3 /* LoadingView.swift */; };
		BE89198623F3085B0098A39B /* TripController.swift in Sources */ = {isa = PBXBuildFile; fileRef = BE89198523F3085B0098A39B /* TripController.swift */; };
		BE89198823F30DF80098A39B /* Gradients.swift in Sources */ = {isa = PBXBuildFile; fileRef = BE89198723F30DF80098A39B /* Gradients.swift */; };
		BEB1B754240D253300FF3122 /* RouteDetails.swift in Sources */ = {isa = PBXBuildFile; fileRef = BEB1B753240D253300FF3122 /* RouteDetails.swift */; };
		BEBA661523E75B6A00CA99CF /* SearchView.swift in Sources */ = {isa = PBXBuildFile; fileRef = BEBA661423E75B6A00CA99CF /* SearchView.swift */; };
		BEBA661A23E7639300CA99CF /* SkeuomorphismView.swift in Sources */ = {isa = PBXBuildFile; fileRef = BEBA661923E7639300CA99CF /* SkeuomorphismView.swift */; };
		BEC77FCB23E9960E0042CD48 /* GPSView.swift in Sources */ = {isa = PBXBuildFile; fileRef = BEC77FCA23E9960E0042CD48 /* GPSView.swift */; };
		BEC77FCD23E9BCED0042CD48 /* Stop+Distance.swift in Sources */ = {isa = PBXBuildFile; fileRef = BEC77FCC23E9BCED0042CD48 /* Stop+Distance.swift */; };
		BED040C723EB365200773E2A /* stations.json in Resources */ = {isa = PBXBuildFile; fileRef = BED040C623EB365200773E2A /* stations.json */; };
		BEDAA49023E7541900A25187 /* AppDelegate.swift in Sources */ = {isa = PBXBuildFile; fileRef = BEDAA48F23E7541900A25187 /* AppDelegate.swift */; };
		BEDAA49623E7541A00A25187 /* Assets.xcassets in Resources */ = {isa = PBXBuildFile; fileRef = BEDAA49523E7541A00A25187 /* Assets.xcassets */; };
		BEDAA49C23E7541A00A25187 /* LaunchScreen.storyboard in Resources */ = {isa = PBXBuildFile; fileRef = BEDAA49A23E7541A00A25187 /* LaunchScreen.storyboard */; };
		BEE7EC6D23EDA63100B09877 /* RouteGraph.swift in Sources */ = {isa = PBXBuildFile; fileRef = BEE7EC6C23EDA63100B09877 /* RouteGraph.swift */; };
		BEF3062D24083490005AE8A2 /* RoutesOverlayController.swift in Sources */ = {isa = PBXBuildFile; fileRef = BEF3062C24083490005AE8A2 /* RoutesOverlayController.swift */; };
		BEF30630240837BD005AE8A2 /* RouteOverviewCell.swift in Sources */ = {isa = PBXBuildFile; fileRef = BEF3062F240837BD005AE8A2 /* RouteOverviewCell.swift */; };
		BEF3063424091A52005AE8A2 /* Revealable.swift in Sources */ = {isa = PBXBuildFile; fileRef = BEF3063324091A52005AE8A2 /* Revealable.swift */; };
		BEFE77E5240C0FA100A0E1F1 /* RouteDetailController.swift in Sources */ = {isa = PBXBuildFile; fileRef = BEFE77E4240C0FA100A0E1F1 /* RouteDetailController.swift */; };
		BEFE77E7240C108800A0E1F1 /* AnimatableMapView.swift in Sources */ = {isa = PBXBuildFile; fileRef = BEFE77E6240C108800A0E1F1 /* AnimatableMapView.swift */; };
/* End PBXBuildFile section */

/* Begin PBXFileReference section */
		2D4BBB96EF853D7F691F3047 /* Pods_manni_ios.framework */ = {isa = PBXFileReference; explicitFileType = wrapper.framework; includeInIndex = 0; path = Pods_manni_ios.framework; sourceTree = BUILT_PRODUCTS_DIR; };
		5C386E87EF8C59FA3321A287 /* Pods-manni-ios.debug.xcconfig */ = {isa = PBXFileReference; includeInIndex = 1; lastKnownFileType = text.xcconfig; name = "Pods-manni-ios.debug.xcconfig"; path = "Pods/Target Support Files/Pods-manni-ios/Pods-manni-ios.debug.xcconfig"; sourceTree = "<group>"; };
		BE02038723E82D2E00E7D5DC /* UIColor+Tools.swift */ = {isa = PBXFileReference; lastKnownFileType = sourcecode.swift; path = "UIColor+Tools.swift"; sourceTree = "<group>"; };
		BE02038A23E835E800E7D5DC /* DepartureCollectionViewCell.swift */ = {isa = PBXFileReference; lastKnownFileType = sourcecode.swift; path = DepartureCollectionViewCell.swift; sourceTree = "<group>"; };
		BE02038C23E83FEE00E7D5DC /* DVB+UIColor.swift */ = {isa = PBXFileReference; lastKnownFileType = sourcecode.swift; path = "DVB+UIColor.swift"; sourceTree = "<group>"; };
		BE02039023E8597C00E7D5DC /* SkeuomorphismIconButton.swift */ = {isa = PBXFileReference; lastKnownFileType = sourcecode.swift; path = SkeuomorphismIconButton.swift; sourceTree = "<group>"; };
		BE0D0DEA23F1C168003DB75A /* DVB+ManniETA.swift */ = {isa = PBXFileReference; lastKnownFileType = sourcecode.swift; path = "DVB+ManniETA.swift"; sourceTree = "<group>"; };
		BE0D0DEC23F1DC77003DB75A /* TripView.swift */ = {isa = PBXFileReference; lastKnownFileType = sourcecode.swift; path = TripView.swift; sourceTree = "<group>"; };
		BE0D0DEF23F1DD49003DB75A /* TripTableViewCell.swift */ = {isa = PBXFileReference; lastKnownFileType = sourcecode.swift; path = TripTableViewCell.swift; sourceTree = "<group>"; };
		BE0D0DF123F1DEFF003DB75A /* VerticalProgressBarView.swift */ = {isa = PBXFileReference; lastKnownFileType = sourcecode.swift; path = VerticalProgressBarView.swift; sourceTree = "<group>"; };
		BE20DA4C240FFDC100A9996F /* ProgrammaticDismissDelegate.swift */ = {isa = PBXFileReference; lastKnownFileType = sourcecode.swift; path = ProgrammaticDismissDelegate.swift; sourceTree = "<group>"; };
		BE3A57492406C44C0059E2DA /* StopItemProvider.swift */ = {isa = PBXFileReference; lastKnownFileType = sourcecode.swift; path = StopItemProvider.swift; sourceTree = "<group>"; };
		BE3A574B2406D0EF0059E2DA /* RouteStopInputView.swift */ = {isa = PBXFileReference; lastKnownFileType = sourcecode.swift; path = RouteStopInputView.swift; sourceTree = "<group>"; };
		BE5AABFA23E756A9006EE1BD /* SearchController.swift */ = {isa = PBXFileReference; lastKnownFileType = sourcecode.swift; path = SearchController.swift; sourceTree = "<group>"; };
		BE6213F823E76EAA00FD638E /* StopTableViewCell.swift */ = {isa = PBXFileReference; lastKnownFileType = sourcecode.swift; path = StopTableViewCell.swift; sourceTree = "<group>"; };
		BE62CCB523EEFC7C00B9469E /* SuggestionInformationController.swift */ = {isa = PBXFileReference; lastKnownFileType = sourcecode.swift; path = SuggestionInformationController.swift; sourceTree = "<group>"; };
		BE62CCB723EF207D00B9469E /* Mode+Icon.swift */ = {isa = PBXFileReference; lastKnownFileType = sourcecode.swift; path = "Mode+Icon.swift"; sourceTree = "<group>"; };
		BE63EFD723E882480019C792 /* DeparturesController.swift */ = {isa = PBXFileReference; lastKnownFileType = sourcecode.swift; path = DeparturesController.swift; sourceTree = "<group>"; };
		BE69C24F2409831F00C036D3 /* ModeChainCollectionViewCell.swift */ = {isa = PBXFileReference; lastKnownFileType = sourcecode.swift; path = ModeChainCollectionViewCell.swift; sourceTree = "<group>"; };
		BE69C253240A88B200C036D3 /* RoutesController.swift */ = {isa = PBXFileReference; lastKnownFileType = sourcecode.swift; path = RoutesController.swift; sourceTree = "<group>"; };
		BE69C255240A97F600C036D3 /* RoutesOverlayContainerController.swift */ = {isa = PBXFileReference; lastKnownFileType = sourcecode.swift; path = RoutesOverlayContainerController.swift; sourceTree = "<group>"; };
		BE69C259240AA08300C036D3 /* UIViewController+Pinning.swift */ = {isa = PBXFileReference; lastKnownFileType = sourcecode.swift; path = "UIViewController+Pinning.swift"; sourceTree = "<group>"; };
		BE69C25B240B995000C036D3 /* LoadingView.swift */ = {isa = PBXFileReference; lastKnownFileType = sourcecode.swift; path = LoadingView.swift; sourceTree = "<group>"; };
		BE89198523F3085B0098A39B /* TripController.swift */ = {isa = PBXFileReference; lastKnownFileType = sourcecode.swift; path = TripController.swift; sourceTree = "<group>"; };
		BE89198723F30DF80098A39B /* Gradients.swift */ = {isa = PBXFileReference; lastKnownFileType = sourcecode.swift; path = Gradients.swift; sourceTree = "<group>"; };
		BEB1B753240D253300FF3122 /* RouteDetails.swift */ = {isa = PBXFileReference; lastKnownFileType = sourcecode.swift; path = RouteDetails.swift; sourceTree = "<group>"; };
		BEBA661423E75B6A00CA99CF /* SearchView.swift */ = {isa = PBXFileReference; lastKnownFileType = sourcecode.swift; path = SearchView.swift; sourceTree = "<group>"; };
		BEBA661923E7639300CA99CF /* SkeuomorphismView.swift */ = {isa = PBXFileReference; lastKnownFileType = sourcecode.swift; path = SkeuomorphismView.swift; sourceTree = "<group>"; };
		BEC77FCA23E9960E0042CD48 /* GPSView.swift */ = {isa = PBXFileReference; lastKnownFileType = sourcecode.swift; path = GPSView.swift; sourceTree = "<group>"; };
		BEC77FCC23E9BCED0042CD48 /* Stop+Distance.swift */ = {isa = PBXFileReference; lastKnownFileType = sourcecode.swift; path = "Stop+Distance.swift"; sourceTree = "<group>"; };
		BED040C623EB365200773E2A /* stations.json */ = {isa = PBXFileReference; fileEncoding = 4; lastKnownFileType = text.json; path = stations.json; sourceTree = "<group>"; };
		BEDAA48C23E7541900A25187 /* Manni.app */ = {isa = PBXFileReference; explicitFileType = wrapper.application; includeInIndex = 0; path = Manni.app; sourceTree = BUILT_PRODUCTS_DIR; };
		BEDAA48F23E7541900A25187 /* AppDelegate.swift */ = {isa = PBXFileReference; lastKnownFileType = sourcecode.swift; path = AppDelegate.swift; sourceTree = "<group>"; };
		BEDAA49523E7541A00A25187 /* Assets.xcassets */ = {isa = PBXFileReference; lastKnownFileType = folder.assetcatalog; path = Assets.xcassets; sourceTree = "<group>"; };
		BEDAA49B23E7541A00A25187 /* Base */ = {isa = PBXFileReference; lastKnownFileType = file.storyboard; name = Base; path = Base.lproj/LaunchScreen.storyboard; sourceTree = "<group>"; };
		BEDAA49D23E7541A00A25187 /* Info.plist */ = {isa = PBXFileReference; lastKnownFileType = text.plist.xml; path = Info.plist; sourceTree = "<group>"; };
		BEE7EC6C23EDA63100B09877 /* RouteGraph.swift */ = {isa = PBXFileReference; lastKnownFileType = sourcecode.swift; path = RouteGraph.swift; sourceTree = "<group>"; };
		BEF3062C24083490005AE8A2 /* RoutesOverlayController.swift */ = {isa = PBXFileReference; lastKnownFileType = sourcecode.swift; path = RoutesOverlayController.swift; sourceTree = "<group>"; };
		BEF3062F240837BD005AE8A2 /* RouteOverviewCell.swift */ = {isa = PBXFileReference; lastKnownFileType = sourcecode.swift; path = RouteOverviewCell.swift; sourceTree = "<group>"; };
		BEF3063324091A52005AE8A2 /* Revealable.swift */ = {isa = PBXFileReference; lastKnownFileType = sourcecode.swift; path = Revealable.swift; sourceTree = "<group>"; };
		BEFE77E4240C0FA100A0E1F1 /* RouteDetailController.swift */ = {isa = PBXFileReference; lastKnownFileType = sourcecode.swift; path = RouteDetailController.swift; sourceTree = "<group>"; };
		BEFE77E6240C108800A0E1F1 /* AnimatableMapView.swift */ = {isa = PBXFileReference; lastKnownFileType = sourcecode.swift; path = AnimatableMapView.swift; sourceTree = "<group>"; };
		F6419AB9B161AD29027F159A /* Pods-manni-ios.release.xcconfig */ = {isa = PBXFileReference; includeInIndex = 1; lastKnownFileType = text.xcconfig; name = "Pods-manni-ios.release.xcconfig"; path = "Pods/Target Support Files/Pods-manni-ios/Pods-manni-ios.release.xcconfig"; sourceTree = "<group>"; };
/* End PBXFileReference section */

/* Begin PBXFrameworksBuildPhase section */
		BEDAA48923E7541900A25187 /* Frameworks */ = {
			isa = PBXFrameworksBuildPhase;
			buildActionMask = 2147483647;
			files = (
				601F991BF36BE67B31FCCE42 /* Pods_manni_ios.framework in Frameworks */,
			);
			runOnlyForDeploymentPostprocessing = 0;
		};
/* End PBXFrameworksBuildPhase section */

/* Begin PBXGroup section */
		9D0EA4BB0C1043A17C3F5731 /* Frameworks */ = {
			isa = PBXGroup;
			children = (
				2D4BBB96EF853D7F691F3047 /* Pods_manni_ios.framework */,
			);
			name = Frameworks;
			sourceTree = "<group>";
		};
		A747C1C627FA09546CA9ECA2 /* Pods */ = {
			isa = PBXGroup;
			children = (
				5C386E87EF8C59FA3321A287 /* Pods-manni-ios.debug.xcconfig */,
				F6419AB9B161AD29027F159A /* Pods-manni-ios.release.xcconfig */,
			);
			name = Pods;
			sourceTree = "<group>";
		};
		BE02038623E82D1900E7D5DC /* Extensions */ = {
			isa = PBXGroup;
			children = (
				BE02038723E82D2E00E7D5DC /* UIColor+Tools.swift */,
				BE02038C23E83FEE00E7D5DC /* DVB+UIColor.swift */,
				BEC77FCC23E9BCED0042CD48 /* Stop+Distance.swift */,
				BE62CCB723EF207D00B9469E /* Mode+Icon.swift */,
				BE0D0DEA23F1C168003DB75A /* DVB+ManniETA.swift */,
				BE69C259240AA08300C036D3 /* UIViewController+Pinning.swift */,
			);
			path = Extensions;
			sourceTree = "<group>";
		};
		BE02038923E835DC00E7D5DC /* Departures */ = {
			isa = PBXGroup;
			children = (
				BE02038A23E835E800E7D5DC /* DepartureCollectionViewCell.swift */,
				BE63EFD723E882480019C792 /* DeparturesController.swift */,
			);
			path = Departures;
			sourceTree = "<group>";
		};
		BE0D0DEE23F1DD2C003DB75A /* Trips */ = {
			isa = PBXGroup;
			children = (
				BE0D0DEC23F1DC77003DB75A /* TripView.swift */,
				BE0D0DEF23F1DD49003DB75A /* TripTableViewCell.swift */,
				BE89198523F3085B0098A39B /* TripController.swift */,
			);
			path = Trips;
			sourceTree = "<group>";
		};
		BE6213FA23E76FFD00FD638E /* Skeuomorphism */ = {
			isa = PBXGroup;
			children = (
				BEBA661923E7639300CA99CF /* SkeuomorphismView.swift */,
				BE02039023E8597C00E7D5DC /* SkeuomorphismIconButton.swift */,
				BE69C25B240B995000C036D3 /* LoadingView.swift */,
			);
			path = Skeuomorphism;
			sourceTree = "<group>";
		};
		BE6213FB23E7701000FD638E /* Search */ = {
			isa = PBXGroup;
			children = (
				BE5AABFA23E756A9006EE1BD /* SearchController.swift */,
				BEBA661423E75B6A00CA99CF /* SearchView.swift */,
				BEC77FCA23E9960E0042CD48 /* GPSView.swift */,
				BEE7EC6C23EDA63100B09877 /* RouteGraph.swift */,
				BE62CCB523EEFC7C00B9469E /* SuggestionInformationController.swift */,
			);
			path = Search;
			sourceTree = "<group>";
		};
		BE6213FC23E7701C00FD638E /* Stops */ = {
			isa = PBXGroup;
			children = (
				BE6213F823E76EAA00FD638E /* StopTableViewCell.swift */,
				BE3A57492406C44C0059E2DA /* StopItemProvider.swift */,
				BE3A574B2406D0EF0059E2DA /* RouteStopInputView.swift */,
			);
			path = Stops;
			sourceTree = "<group>";
		};
		BEBA661823E762E600CA99CF /* Components */ = {
			isa = PBXGroup;
			children = (
				BE20DA4C240FFDC100A9996F /* ProgrammaticDismissDelegate.swift */,
				BEFE77E6240C108800A0E1F1 /* AnimatableMapView.swift */,
				BEF3063324091A52005AE8A2 /* Revealable.swift */,
				BE0D0DF123F1DEFF003DB75A /* VerticalProgressBarView.swift */,
				BE6213FA23E76FFD00FD638E /* Skeuomorphism */,
			);
			path = Components;
			sourceTree = "<group>";
		};
		BEDAA48323E7541900A25187 = {
			isa = PBXGroup;
			children = (
				BEDAA48E23E7541900A25187 /* manni-ios */,
				BEDAA48D23E7541900A25187 /* Products */,
				A747C1C627FA09546CA9ECA2 /* Pods */,
				9D0EA4BB0C1043A17C3F5731 /* Frameworks */,
			);
			sourceTree = "<group>";
		};
		BEDAA48D23E7541900A25187 /* Products */ = {
			isa = PBXGroup;
			children = (
				BEDAA48C23E7541900A25187 /* Manni.app */,
			);
			name = Products;
			sourceTree = "<group>";
		};
		BEDAA48E23E7541900A25187 /* manni-ios */ = {
			isa = PBXGroup;
			children = (
				BED040C623EB365200773E2A /* stations.json */,
				BEDAA48F23E7541900A25187 /* AppDelegate.swift */,
				BE89198723F30DF80098A39B /* Gradients.swift */,
				BEF3062E240834A2005AE8A2 /* Routes */,
				BE0D0DEE23F1DD2C003DB75A /* Trips */,
				BE02038923E835DC00E7D5DC /* Departures */,
				BE02038623E82D1900E7D5DC /* Extensions */,
				BE6213FC23E7701C00FD638E /* Stops */,
				BE6213FB23E7701000FD638E /* Search */,
				BEBA661823E762E600CA99CF /* Components */,
				BEDAA49523E7541A00A25187 /* Assets.xcassets */,
				BEDAA49A23E7541A00A25187 /* LaunchScreen.storyboard */,
				BEDAA49D23E7541A00A25187 /* Info.plist */,
			);
			path = "manni-ios";
			sourceTree = "<group>";
		};
		BEF3062E240834A2005AE8A2 /* Routes */ = {
			isa = PBXGroup;
			children = (
				BE69C24F2409831F00C036D3 /* ModeChainCollectionViewCell.swift */,
				BEF3062F240837BD005AE8A2 /* RouteOverviewCell.swift */,
				BEF3062C24083490005AE8A2 /* RoutesOverlayController.swift */,
				BE69C255240A97F600C036D3 /* RoutesOverlayContainerController.swift */,
				BE69C253240A88B200C036D3 /* RoutesController.swift */,
				BEFE77E4240C0FA100A0E1F1 /* RouteDetailController.swift */,
				BEB1B753240D253300FF3122 /* RouteDetails.swift */,
			);
			path = Routes;
			sourceTree = "<group>";
		};
/* End PBXGroup section */

/* Begin PBXNativeTarget section */
		BEDAA48B23E7541900A25187 /* manni-ios */ = {
			isa = PBXNativeTarget;
			buildConfigurationList = BEDAA4A023E7541A00A25187 /* Build configuration list for PBXNativeTarget "manni-ios" */;
			buildPhases = (
				0D3E2FA9E66F246909A2FAB9 /* [CP] Check Pods Manifest.lock */,
				BEDAA48823E7541900A25187 /* Sources */,
				BEDAA48923E7541900A25187 /* Frameworks */,
				BEDAA48A23E7541900A25187 /* Resources */,
				2880759BB3FDC8873853FAAE /* [CP] Embed Pods Frameworks */,
			);
			buildRules = (
			);
			dependencies = (
			);
			name = "manni-ios";
			productName = "manni-ios";
			productReference = BEDAA48C23E7541900A25187 /* Manni.app */;
			productType = "com.apple.product-type.application";
		};
/* End PBXNativeTarget section */

/* Begin PBXProject section */
		BEDAA48423E7541900A25187 /* Project object */ = {
			isa = PBXProject;
			attributes = {
				LastSwiftUpdateCheck = 1120;
				LastUpgradeCheck = 1120;
				ORGANIZATIONNAME = "Philipp Matthes";
				TargetAttributes = {
					BEDAA48B23E7541900A25187 = {
						CreatedOnToolsVersion = 11.2.1;
						LastSwiftMigration = 1120;
					};
				};
			};
			buildConfigurationList = BEDAA48723E7541900A25187 /* Build configuration list for PBXProject "manni-ios" */;
			compatibilityVersion = "Xcode 9.3";
			developmentRegion = en;
			hasScannedForEncodings = 0;
			knownRegions = (
				en,
				Base,
			);
			mainGroup = BEDAA48323E7541900A25187;
			productRefGroup = BEDAA48D23E7541900A25187 /* Products */;
			projectDirPath = "";
			projectRoot = "";
			targets = (
				BEDAA48B23E7541900A25187 /* manni-ios */,
			);
		};
/* End PBXProject section */

/* Begin PBXResourcesBuildPhase section */
		BEDAA48A23E7541900A25187 /* Resources */ = {
			isa = PBXResourcesBuildPhase;
			buildActionMask = 2147483647;
			files = (
				BEDAA49C23E7541A00A25187 /* LaunchScreen.storyboard in Resources */,
				BED040C723EB365200773E2A /* stations.json in Resources */,
				BEDAA49623E7541A00A25187 /* Assets.xcassets in Resources */,
			);
			runOnlyForDeploymentPostprocessing = 0;
		};
/* End PBXResourcesBuildPhase section */

/* Begin PBXShellScriptBuildPhase section */
		0D3E2FA9E66F246909A2FAB9 /* [CP] Check Pods Manifest.lock */ = {
			isa = PBXShellScriptBuildPhase;
			buildActionMask = 2147483647;
			files = (
			);
			inputPaths = (
				"${PODS_PODFILE_DIR_PATH}/Podfile.lock",
				"${PODS_ROOT}/Manifest.lock",
			);
			name = "[CP] Check Pods Manifest.lock";
			outputPaths = (
				"$(DERIVED_FILE_DIR)/Pods-manni-ios-checkManifestLockResult.txt",
			);
			runOnlyForDeploymentPostprocessing = 0;
			shellPath = /bin/sh;
			shellScript = "diff \"${PODS_PODFILE_DIR_PATH}/Podfile.lock\" \"${PODS_ROOT}/Manifest.lock\" > /dev/null\nif [ $? != 0 ] ; then\n    # print error to STDERR\n    echo \"error: The sandbox is not in sync with the Podfile.lock. Run 'pod install' or update your CocoaPods installation.\" >&2\n    exit 1\nfi\n# This output is used by Xcode 'outputs' to avoid re-running this script phase.\necho \"SUCCESS\" > \"${SCRIPT_OUTPUT_FILE_0}\"\n";
			showEnvVarsInLog = 0;
		};
		2880759BB3FDC8873853FAAE /* [CP] Embed Pods Frameworks */ = {
			isa = PBXShellScriptBuildPhase;
			buildActionMask = 2147483647;
			files = (
			);
			inputPaths = (
				"${SRCROOT}/Pods/Target Support Files/Pods-manni-ios/Pods-manni-ios-frameworks.sh",
				"${BUILT_PRODUCTS_DIR}/DVB/DVB.framework",
				"${BUILT_PRODUCTS_DIR}/FontAwesome.swift/FontAwesome_swift.framework",
				"${BUILT_PRODUCTS_DIR}/Material/Material.framework",
				"${BUILT_PRODUCTS_DIR}/Motion/Motion.framework",
			);
			name = "[CP] Embed Pods Frameworks";
			outputPaths = (
				"${TARGET_BUILD_DIR}/${FRAMEWORKS_FOLDER_PATH}/DVB.framework",
				"${TARGET_BUILD_DIR}/${FRAMEWORKS_FOLDER_PATH}/FontAwesome_swift.framework",
				"${TARGET_BUILD_DIR}/${FRAMEWORKS_FOLDER_PATH}/Material.framework",
				"${TARGET_BUILD_DIR}/${FRAMEWORKS_FOLDER_PATH}/Motion.framework",
			);
			runOnlyForDeploymentPostprocessing = 0;
			shellPath = /bin/sh;
			shellScript = "\"${SRCROOT}/Pods/Target Support Files/Pods-manni-ios/Pods-manni-ios-frameworks.sh\"\n";
			showEnvVarsInLog = 0;
		};
/* End PBXShellScriptBuildPhase section */

/* Begin PBXSourcesBuildPhase section */
		BEDAA48823E7541900A25187 /* Sources */ = {
			isa = PBXSourcesBuildPhase;
			buildActionMask = 2147483647;
			files = (
				BE62CCB623EEFC7C00B9469E /* SuggestionInformationController.swift in Sources */,
				BE63EFD823E882480019C792 /* DeparturesController.swift in Sources */,
				BEC77FCB23E9960E0042CD48 /* GPSView.swift in Sources */,
				BE02038823E82D2E00E7D5DC /* UIColor+Tools.swift in Sources */,
				BE3A574C2406D0EF0059E2DA /* RouteStopInputView.swift in Sources */,
				BEBA661A23E7639300CA99CF /* SkeuomorphismView.swift in Sources */,
				BE69C25A240AA08300C036D3 /* UIViewController+Pinning.swift in Sources */,
				BE0D0DEB23F1C168003DB75A /* DVB+ManniETA.swift in Sources */,
				BE6213F923E76EAA00FD638E /* StopTableViewCell.swift in Sources */,
				BE02038B23E835E800E7D5DC /* DepartureCollectionViewCell.swift in Sources */,
				BEE7EC6D23EDA63100B09877 /* RouteGraph.swift in Sources */,
				BEDAA49023E7541900A25187 /* AppDelegate.swift in Sources */,
				BE89198823F30DF80098A39B /* Gradients.swift in Sources */,
				BE0D0DED23F1DC77003DB75A /* TripView.swift in Sources */,
				BE0D0DF023F1DD49003DB75A /* TripTableViewCell.swift in Sources */,
				BEFE77E7240C108800A0E1F1 /* AnimatableMapView.swift in Sources */,
				BE69C2502409831F00C036D3 /* ModeChainCollectionViewCell.swift in Sources */,
				BEBA661523E75B6A00CA99CF /* SearchView.swift in Sources */,
				BE62CCB823EF207D00B9469E /* Mode+Icon.swift in Sources */,
				BE02039123E8597C00E7D5DC /* SkeuomorphismIconButton.swift in Sources */,
				BE02038D23E83FEE00E7D5DC /* DVB+UIColor.swift in Sources */,
				BE69C254240A88B200C036D3 /* RoutesController.swift in Sources */,
				BEF3063424091A52005AE8A2 /* Revealable.swift in Sources */,
				BEC77FCD23E9BCED0042CD48 /* Stop+Distance.swift in Sources */,
				BE0D0DF223F1DEFF003DB75A /* VerticalProgressBarView.swift in Sources */,
				BE89198623F3085B0098A39B /* TripController.swift in Sources */,
				BE5AABFB23E756A9006EE1BD /* SearchController.swift in Sources */,
				BE20DA4D240FFDC100A9996F /* ProgrammaticDismissDelegate.swift in Sources */,
				BEF30630240837BD005AE8A2 /* RouteOverviewCell.swift in Sources */,
				BE3A574A2406C44C0059E2DA /* StopItemProvider.swift in Sources */,
				BEFE77E5240C0FA100A0E1F1 /* RouteDetailController.swift in Sources */,
				BE69C256240A97F600C036D3 /* RoutesOverlayContainerController.swift in Sources */,
				BEB1B754240D253300FF3122 /* RouteDetails.swift in Sources */,
				BE69C25C240B995000C036D3 /* LoadingView.swift in Sources */,
				BEF3062D24083490005AE8A2 /* RoutesOverlayController.swift in Sources */,
			);
			runOnlyForDeploymentPostprocessing = 0;
		};
/* End PBXSourcesBuildPhase section */

/* Begin PBXVariantGroup section */
		BEDAA49A23E7541A00A25187 /* LaunchScreen.storyboard */ = {
			isa = PBXVariantGroup;
			children = (
				BEDAA49B23E7541A00A25187 /* Base */,
			);
			name = LaunchScreen.storyboard;
			sourceTree = "<group>";
		};
/* End PBXVariantGroup section */

/* Begin XCBuildConfiguration section */
		BEDAA49E23E7541A00A25187 /* Debug */ = {
			isa = XCBuildConfiguration;
			buildSettings = {
				ALWAYS_SEARCH_USER_PATHS = NO;
				CLANG_ANALYZER_NONNULL = YES;
				CLANG_ANALYZER_NUMBER_OBJECT_CONVERSION = YES_AGGRESSIVE;
				CLANG_CXX_LANGUAGE_STANDARD = "gnu++14";
				CLANG_CXX_LIBRARY = "libc++";
				CLANG_ENABLE_MODULES = YES;
				CLANG_ENABLE_OBJC_ARC = YES;
				CLANG_ENABLE_OBJC_WEAK = YES;
				CLANG_WARN_BLOCK_CAPTURE_AUTORELEASING = YES;
				CLANG_WARN_BOOL_CONVERSION = YES;
				CLANG_WARN_COMMA = YES;
				CLANG_WARN_CONSTANT_CONVERSION = YES;
				CLANG_WARN_DEPRECATED_OBJC_IMPLEMENTATIONS = YES;
				CLANG_WARN_DIRECT_OBJC_ISA_USAGE = YES_ERROR;
				CLANG_WARN_DOCUMENTATION_COMMENTS = YES;
				CLANG_WARN_EMPTY_BODY = YES;
				CLANG_WARN_ENUM_CONVERSION = YES;
				CLANG_WARN_INFINITE_RECURSION = YES;
				CLANG_WARN_INT_CONVERSION = YES;
				CLANG_WARN_NON_LITERAL_NULL_CONVERSION = YES;
				CLANG_WARN_OBJC_IMPLICIT_RETAIN_SELF = YES;
				CLANG_WARN_OBJC_LITERAL_CONVERSION = YES;
				CLANG_WARN_OBJC_ROOT_CLASS = YES_ERROR;
				CLANG_WARN_RANGE_LOOP_ANALYSIS = YES;
				CLANG_WARN_STRICT_PROTOTYPES = YES;
				CLANG_WARN_SUSPICIOUS_MOVE = YES;
				CLANG_WARN_UNGUARDED_AVAILABILITY = YES_AGGRESSIVE;
				CLANG_WARN_UNREACHABLE_CODE = YES;
				CLANG_WARN__DUPLICATE_METHOD_MATCH = YES;
				COPY_PHASE_STRIP = NO;
				DEBUG_INFORMATION_FORMAT = dwarf;
				ENABLE_STRICT_OBJC_MSGSEND = YES;
				ENABLE_TESTABILITY = YES;
				GCC_C_LANGUAGE_STANDARD = gnu11;
				GCC_DYNAMIC_NO_PIC = NO;
				GCC_NO_COMMON_BLOCKS = YES;
				GCC_OPTIMIZATION_LEVEL = 0;
				GCC_PREPROCESSOR_DEFINITIONS = (
					"DEBUG=1",
					"$(inherited)",
				);
				GCC_WARN_64_TO_32_BIT_CONVERSION = YES;
				GCC_WARN_ABOUT_RETURN_TYPE = YES_ERROR;
				GCC_WARN_UNDECLARED_SELECTOR = YES;
				GCC_WARN_UNINITIALIZED_AUTOS = YES_AGGRESSIVE;
				GCC_WARN_UNUSED_FUNCTION = YES;
				GCC_WARN_UNUSED_VARIABLE = YES;
				IPHONEOS_DEPLOYMENT_TARGET = 9.0;
				MTL_ENABLE_DEBUG_INFO = INCLUDE_SOURCE;
				MTL_FAST_MATH = YES;
				ONLY_ACTIVE_ARCH = YES;
				SDKROOT = iphoneos;
				SWIFT_ACTIVE_COMPILATION_CONDITIONS = DEBUG;
				SWIFT_OPTIMIZATION_LEVEL = "-Onone";
			};
			name = Debug;
		};
		BEDAA49F23E7541A00A25187 /* Release */ = {
			isa = XCBuildConfiguration;
			buildSettings = {
				ALWAYS_SEARCH_USER_PATHS = NO;
				CLANG_ANALYZER_NONNULL = YES;
				CLANG_ANALYZER_NUMBER_OBJECT_CONVERSION = YES_AGGRESSIVE;
				CLANG_CXX_LANGUAGE_STANDARD = "gnu++14";
				CLANG_CXX_LIBRARY = "libc++";
				CLANG_ENABLE_MODULES = YES;
				CLANG_ENABLE_OBJC_ARC = YES;
				CLANG_ENABLE_OBJC_WEAK = YES;
				CLANG_WARN_BLOCK_CAPTURE_AUTORELEASING = YES;
				CLANG_WARN_BOOL_CONVERSION = YES;
				CLANG_WARN_COMMA = YES;
				CLANG_WARN_CONSTANT_CONVERSION = YES;
				CLANG_WARN_DEPRECATED_OBJC_IMPLEMENTATIONS = YES;
				CLANG_WARN_DIRECT_OBJC_ISA_USAGE = YES_ERROR;
				CLANG_WARN_DOCUMENTATION_COMMENTS = YES;
				CLANG_WARN_EMPTY_BODY = YES;
				CLANG_WARN_ENUM_CONVERSION = YES;
				CLANG_WARN_INFINITE_RECURSION = YES;
				CLANG_WARN_INT_CONVERSION = YES;
				CLANG_WARN_NON_LITERAL_NULL_CONVERSION = YES;
				CLANG_WARN_OBJC_IMPLICIT_RETAIN_SELF = YES;
				CLANG_WARN_OBJC_LITERAL_CONVERSION = YES;
				CLANG_WARN_OBJC_ROOT_CLASS = YES_ERROR;
				CLANG_WARN_RANGE_LOOP_ANALYSIS = YES;
				CLANG_WARN_STRICT_PROTOTYPES = YES;
				CLANG_WARN_SUSPICIOUS_MOVE = YES;
				CLANG_WARN_UNGUARDED_AVAILABILITY = YES_AGGRESSIVE;
				CLANG_WARN_UNREACHABLE_CODE = YES;
				CLANG_WARN__DUPLICATE_METHOD_MATCH = YES;
				COPY_PHASE_STRIP = NO;
				DEBUG_INFORMATION_FORMAT = "dwarf-with-dsym";
				ENABLE_NS_ASSERTIONS = NO;
				ENABLE_STRICT_OBJC_MSGSEND = YES;
				GCC_C_LANGUAGE_STANDARD = gnu11;
				GCC_NO_COMMON_BLOCKS = YES;
				GCC_WARN_64_TO_32_BIT_CONVERSION = YES;
				GCC_WARN_ABOUT_RETURN_TYPE = YES_ERROR;
				GCC_WARN_UNDECLARED_SELECTOR = YES;
				GCC_WARN_UNINITIALIZED_AUTOS = YES_AGGRESSIVE;
				GCC_WARN_UNUSED_FUNCTION = YES;
				GCC_WARN_UNUSED_VARIABLE = YES;
				IPHONEOS_DEPLOYMENT_TARGET = 9.0;
				MTL_ENABLE_DEBUG_INFO = NO;
				MTL_FAST_MATH = YES;
				SDKROOT = iphoneos;
				SWIFT_COMPILATION_MODE = wholemodule;
				SWIFT_OPTIMIZATION_LEVEL = "-O";
				VALIDATE_PRODUCT = YES;
			};
			name = Release;
		};
		BEDAA4A123E7541A00A25187 /* Debug */ = {
			isa = XCBuildConfiguration;
			baseConfigurationReference = 5C386E87EF8C59FA3321A287 /* Pods-manni-ios.debug.xcconfig */;
			buildSettings = {
				ASSETCATALOG_COMPILER_APPICON_NAME = AppIcon;
				CLANG_ENABLE_MODULES = YES;
				CODE_SIGN_STYLE = Automatic;
				DEVELOPMENT_ASSET_PATHS = "";
				DEVELOPMENT_TEAM = S36925NV4E;
				ENABLE_PREVIEWS = YES;
				INFOPLIST_FILE = "manni-ios/Info.plist";
				IPHONEOS_DEPLOYMENT_TARGET = 9.0;
				LD_RUNPATH_SEARCH_PATHS = (
					"$(inherited)",
					"@executable_path/Frameworks",
				);
				PRODUCT_BUNDLE_IDENTIFIER = "com.philippmatthes.manni-ios";
				PRODUCT_NAME = Manni;
				SWIFT_OBJC_BRIDGING_HEADER = "";
				SWIFT_OPTIMIZATION_LEVEL = "-Onone";
				SWIFT_VERSION = 5.0;
				TARGETED_DEVICE_FAMILY = "1,2";
			};
			name = Debug;
		};
		BEDAA4A223E7541A00A25187 /* Release */ = {
			isa = XCBuildConfiguration;
			baseConfigurationReference = F6419AB9B161AD29027F159A /* Pods-manni-ios.release.xcconfig */;
			buildSettings = {
				ASSETCATALOG_COMPILER_APPICON_NAME = AppIcon;
				CLANG_ENABLE_MODULES = YES;
				CODE_SIGN_STYLE = Automatic;
				DEVELOPMENT_ASSET_PATHS = "";
				DEVELOPMENT_TEAM = S36925NV4E;
				ENABLE_PREVIEWS = YES;
				INFOPLIST_FILE = "manni-ios/Info.plist";
				IPHONEOS_DEPLOYMENT_TARGET = 9.0;
				LD_RUNPATH_SEARCH_PATHS = (
					"$(inherited)",
					"@executable_path/Frameworks",
				);
				PRODUCT_BUNDLE_IDENTIFIER = "com.philippmatthes.manni-ios";
				PRODUCT_NAME = Manni;
				SWIFT_OBJC_BRIDGING_HEADER = "";
				SWIFT_VERSION = 5.0;
				TARGETED_DEVICE_FAMILY = "1,2";
			};
			name = Release;
		};
/* End XCBuildConfiguration section */

/* Begin XCConfigurationList section */
		BEDAA48723E7541900A25187 /* Build configuration list for PBXProject "manni-ios" */ = {
			isa = XCConfigurationList;
			buildConfigurations = (
				BEDAA49E23E7541A00A25187 /* Debug */,
				BEDAA49F23E7541A00A25187 /* Release */,
			);
			defaultConfigurationIsVisible = 0;
			defaultConfigurationName = Release;
		};
		BEDAA4A023E7541A00A25187 /* Build configuration list for PBXNativeTarget "manni-ios" */ = {
			isa = XCConfigurationList;
			buildConfigurations = (
				BEDAA4A123E7541A00A25187 /* Debug */,
				BEDAA4A223E7541A00A25187 /* Release */,
			);
			defaultConfigurationIsVisible = 0;
			defaultConfigurationName = Release;
		};
/* End XCConfigurationList section */
	};
	rootObject = BEDAA48423E7541900A25187 /* Project object */;
}
