PODS:
  - DVB (2.3.0):
    - gausskrueger (~> 0.3)
    - Marshal (~> 1.2.4)
  - gausskrueger (0.3.0)
  - Marshal (1.2.7)
  - Material (3.1.6):
    - Material/Core (= 3.1.6)
  - Material/Core (3.1.6):
    - Motion (~> 3.1.1)
  - Motion (3.1.1):
    - Motion/Core (= 3.1.1)
  - Motion/Core (3.1.1)

DEPENDENCIES:
  - DVB
  - Material

SPEC REPOS:
  https://github.com/cocoapods/specs.git:
    - DVB
    - gausskrueger
    - Marshal
    - Material
    - Motion

SPEC CHECKSUMS:
  DVB: c19b24dc66bbf83250b5d21602af451754d42f81
  gausskrueger: b0cc926ceefe712174773eb02d8b3cefceb008ab
  Marshal: ef480864a6af10a63f67be7e55bb5d8fe67a16d9
  Material: 9b30613deb1b79487eeede5e4f90cbff084311ea
  Motion: f115b33f36cc52472a25a965daa89b3859817de0

PODFILE CHECKSUM: 4f3b0e1991fcdcfcc0e3bfcc876b112e985bdd16

COCOAPODS: 1.5.3
